
Microsoft Visual Studio Solution File, Format Version 12.00
# Visual Studio Version 17
VisualStudioVersion = 17.14.37111.16
MinimumVisualStudioVersion = 10.0.40219.1
Project("{FAE04EC0-301F-11D3-BF4B-00C04F79EFBC}") = "01-MsgBox", "SP P-43\01-MsgBox.csproj", "{284C4AAA-2FED-4879-9027-2DC691FEE3A2}"
EndProject
Project("{FAE04EC0-301F-11D3-BF4B-00C04F79EFBC}") = "02 - PInvoke Find Window", "02 - PInvole Find Window\02 - PInvoke Find Window.csproj", "{A29F72EA-F2CB-4A58-B8D1-E5437F5AEACF}"
EndProject
Project("{2150E333-8FDC-42A3-9474-1A3956D46DE8}") = "01-P Invoke", "01-P Invoke", "{02EA681E-C7D8-13C7-8484-4AC65E1B71E8}"
EndProject
Project("{8BC9CEB8-8B4A-11D0-8D11-00A0C91BC942}") = "User Func project", "User Func project\User Func project.vcxproj", "{A3E39B73-1B0C-4949-943F-4F37C1605CF7}"
EndProject
Project("{FAE04EC0-301F-11D3-BF4B-00C04F79EFBC}") = "03-Pinvoke user func", "03-Pinvoke user func\03-Pinvoke user func.csproj", "{9D796510-1398-4D07-94B0-80547DACABE6}"
EndProject
Project("{FAE04EC0-301F-11D3-BF4B-00C04F79EFBC}") = "02 -Find window (simple)", "02 -Find window (simple)\02 -Find window (simple).csproj", "{E32A0874-820D-4C95-9597-6009F0E5F4D3}"
EndProject
Project("{2150E333-8FDC-42A3-9474-1A3956D46DE8}") = "02-Processes", "02-Processes", "{6AEF2B5E-4EE3-4397-9B02-A4CF9654C253}"
EndProject
Project("{FAE04EC0-301F-11D3-BF4B-00C04F79EFBC}") = "01-List of processes", "01-List of processes\01-List of processes.csproj", "{21C001DB-C554-4CED-9887-90D4000DE5D7}"
EndProject
Project("{FAE04EC0-301F-11D3-BF4B-00C04F79EFBC}") = "02-Create process", "02-Create process\02-Create process.csproj", "{09677DBA-E8BA-4220-847F-18CF7562E724}"
EndProject
Project("{FAE04EC0-301F-11D3-BF4B-00C04F79EFBC}") = "WF Processes", "WF Processes\WF Processes.csproj", "{F5725429-F09F-48E3-999A-4D3AEF07C31F}"
EndProject
Project("{FAE04EC0-301F-11D3-BF4B-00C04F79EFBC}") = "03-close and kill process", "03-close and kill process\03-close and kill process.csproj", "{79AFEF40-0C5D-4106-9E08-57AC6926DDBC}"
EndProject
Project("{FAE04EC0-301F-11D3-BF4B-00C04F79EFBC}") = "child-process", "child-process\child-process.csproj", "{E711A732-393E-40CE-84AA-5391D7FC7624}"
EndProject
Project("{FAE04EC0-301F-11D3-BF4B-00C04F79EFBC}") = "04- parent process", "04- parent process\04- parent process.csproj", "{600B6FE2-C081-4A2A-A2AF-2C9A65E5148F}"
EndProject
Project("{2150E333-8FDC-42A3-9474-1A3956D46DE8}") = "03-Threads", "03-Threads", "{035454C5-4D56-40D3-B63D-4738C020BA5F}"
EndProject
Project("{FAE04EC0-301F-11D3-BF4B-00C04F79EFBC}") = "01-Thread", "01-Thread\01-Thread.csproj", "{8F0F4499-CD21-40BC-B1AC-B0D84CC58DCE}"
EndProject
Project("{FAE04EC0-301F-11D3-BF4B-00C04F79EFBC}") = "02-Thread", "02-Thread\02-Thread.csproj", "{37409EB2-7748-4F32-9AE9-6252A59ACB88}"
EndProject
Project("{FAE04EC0-301F-11D3-BF4B-00C04F79EFBC}") = "03-Thread with data", "03-Thread with data\03-Thread with data.csproj", "{76D1871D-0791-432A-B62C-742522802843}"
EndProject
Project("{FAE04EC0-301F-11D3-BF4B-00C04F79EFBC}") = "04-Threads (sync colors)", "04-Threads (sync colors)\04-Threads (sync colors).csproj", "{53C67307-8694-41D6-ACE2-99EFF4A16FF9}"
EndProject
Project("{FAE04EC0-301F-11D3-BF4B-00C04F79EFBC}") = "05-Array of threads", "04-Array of threds\05-Array of threads.csproj", "{BCB967F0-2CB3-423A-A2DD-AECCB84E02B5}"
EndProject
Project("{FAE04EC0-301F-11D3-BF4B-00C04F79EFBC}") = "06-Threads (working with data array)", "06-Threads (working with data array)\06-Threads (working with data array).csproj", "{54E96304-51FE-4CA0-A61C-2C0181C8AD4B}"
EndProject
Project("{FAE04EC0-301F-11D3-BF4B-00C04F79EFBC}") = "07-Thread WF (letters)", "07-Thread WF (letters)\07-Thread WF (letters).csproj", "{8B06A899-3AC5-44C7-A357-EF4C23B240C6}"
EndProject
Global
	GlobalSection(SolutionConfigurationPlatforms) = preSolution
		Debug|Any CPU = Debug|Any CPU
		Debug|x64 = Debug|x64
		Debug|x86 = Debug|x86
		Release|Any CPU = Release|Any CPU
		Release|x64 = Release|x64
		Release|x86 = Release|x86
	EndGlobalSection
	GlobalSection(ProjectConfigurationPlatforms) = postSolution
		{284C4AAA-2FED-4879-9027-2DC691FEE3A2}.Debug|Any CPU.ActiveCfg = Debug|Any CPU
		{284C4AAA-2FED-4879-9027-2DC691FEE3A2}.Debug|Any CPU.Build.0 = Debug|Any CPU
		{284C4AAA-2FED-4879-9027-2DC691FEE3A2}.Debug|x64.ActiveCfg = Debug|Any CPU
		{284C4AAA-2FED-4879-9027-2DC691FEE3A2}.Debug|x64.Build.0 = Debug|Any CPU
		{284C4AAA-2FED-4879-9027-2DC691FEE3A2}.Debug|x86.ActiveCfg = Debug|Any CPU
		{284C4AAA-2FED-4879-9027-2DC691FEE3A2}.Debug|x86.Build.0 = Debug|Any CPU
		{284C4AAA-2FED-4879-9027-2DC691FEE3A2}.Release|Any CPU.ActiveCfg = Release|Any CPU
		{284C4AAA-2FED-4879-9027-2DC691FEE3A2}.Release|Any CPU.Build.0 = Release|Any CPU
		{284C4AAA-2FED-4879-9027-2DC691FEE3A2}.Release|x64.ActiveCfg = Release|Any CPU
		{284C4AAA-2FED-4879-9027-2DC691FEE3A2}.Release|x64.Build.0 = Release|Any CPU
		{284C4AAA-2FED-4879-9027-2DC691FEE3A2}.Release|x86.ActiveCfg = Release|Any CPU
		{284C4AAA-2FED-4879-9027-2DC691FEE3A2}.Release|x86.Build.0 = Release|Any CPU
		{A29F72EA-F2CB-4A58-B8D1-E5437F5AEACF}.Debug|Any CPU.ActiveCfg = Debug|Any CPU
		{A29F72EA-F2CB-4A58-B8D1-E5437F5AEACF}.Debug|Any CPU.Build.0 = Debug|Any CPU
		{A29F72EA-F2CB-4A58-B8D1-E5437F5AEACF}.Debug|x64.ActiveCfg = Debug|Any CPU
		{A29F72EA-F2CB-4A58-B8D1-E5437F5AEACF}.Debug|x64.Build.0 = Debug|Any CPU
		{A29F72EA-F2CB-4A58-B8D1-E5437F5AEACF}.Debug|x86.ActiveCfg = Debug|Any CPU
		{A29F72EA-F2CB-4A58-B8D1-E5437F5AEACF}.Debug|x86.Build.0 = Debug|Any CPU
		{A29F72EA-F2CB-4A58-B8D1-E5437F5AEACF}.Release|Any CPU.ActiveCfg = Release|Any CPU
		{A29F72EA-F2CB-4A58-B8D1-E5437F5AEACF}.Release|Any CPU.Build.0 = Release|Any CPU
		{A29F72EA-F2CB-4A58-B8D1-E5437F5AEACF}.Release|x64.ActiveCfg = Release|Any CPU
		{A29F72EA-F2CB-4A58-B8D1-E5437F5AEACF}.Release|x64.Build.0 = Release|Any CPU
		{A29F72EA-F2CB-4A58-B8D1-E5437F5AEACF}.Release|x86.ActiveCfg = Release|Any CPU
		{A29F72EA-F2CB-4A58-B8D1-E5437F5AEACF}.Release|x86.Build.0 = Release|Any CPU
		{A3E39B73-1B0C-4949-943F-4F37C1605CF7}.Debug|Any CPU.ActiveCfg = Debug|x64
		{A3E39B73-1B0C-4949-943F-4F37C1605CF7}.Debug|Any CPU.Build.0 = Debug|x64
		{A3E39B73-1B0C-4949-943F-4F37C1605CF7}.Debug|x64.ActiveCfg = Debug|x64
		{A3E39B73-1B0C-4949-943F-4F37C1605CF7}.Debug|x64.Build.0 = Debug|x64
		{A3E39B73-1B0C-4949-943F-4F37C1605CF7}.Debug|x86.ActiveCfg = Debug|Win32
		{A3E39B73-1B0C-4949-943F-4F37C1605CF7}.Debug|x86.Build.0 = Debug|Win32
		{A3E39B73-1B0C-4949-943F-4F37C1605CF7}.Release|Any CPU.ActiveCfg = Release|x64
		{A3E39B73-1B0C-4949-943F-4F37C1605CF7}.Release|Any CPU.Build.0 = Release|x64
		{A3E39B73-1B0C-4949-943F-4F37C1605CF7}.Release|x64.ActiveCfg = Release|x64
		{A3E39B73-1B0C-4949-943F-4F37C1605CF7}.Release|x64.Build.0 = Release|x64
		{A3E39B73-1B0C-4949-943F-4F37C1605CF7}.Release|x86.ActiveCfg = Release|Win32
		{A3E39B73-1B0C-4949-943F-4F37C1605CF7}.Release|x86.Build.0 = Release|Win32
		{9D796510-1398-4D07-94B0-80547DACABE6}.Debug|Any CPU.ActiveCfg = Debug|Any CPU
		{9D796510-1398-4D07-94B0-80547DACABE6}.Debug|Any CPU.Build.0 = Debug|Any CPU
		{9D796510-1398-4D07-94B0-80547DACABE6}.Debug|x64.ActiveCfg = Debug|Any CPU
		{9D796510-1398-4D07-94B0-80547DACABE6}.Debug|x64.Build.0 = Debug|Any CPU
		{9D796510-1398-4D07-94B0-80547DACABE6}.Debug|x86.ActiveCfg = Debug|Any CPU
		{9D796510-1398-4D07-94B0-80547DACABE6}.Debug|x86.Build.0 = Debug|Any CPU
		{9D796510-1398-4D07-94B0-80547DACABE6}.Release|Any CPU.ActiveCfg = Release|Any CPU
		{9D796510-1398-4D07-94B0-80547DACABE6}.Release|Any CPU.Build.0 = Release|Any CPU
		{9D796510-1398-4D07-94B0-80547DACABE6}.Release|x64.ActiveCfg = Release|Any CPU
		{9D796510-1398-4D07-94B0-80547DACABE6}.Release|x64.Build.0 = Release|Any CPU
		{9D796510-1398-4D07-94B0-80547DACABE6}.Release|x86.ActiveCfg = Release|Any CPU
		{9D796510-1398-4D07-94B0-80547DACABE6}.Release|x86.Build.0 = Release|Any CPU
		{E32A0874-820D-4C95-9597-6009F0E5F4D3}.Debug|Any CPU.ActiveCfg = Debug|Any CPU
		{E32A0874-820D-4C95-9597-6009F0E5F4D3}.Debug|Any CPU.Build.0 = Debug|Any CPU
		{E32A0874-820D-4C95-9597-6009F0E5F4D3}.Debug|x64.ActiveCfg = Debug|Any CPU
		{E32A0874-820D-4C95-9597-6009F0E5F4D3}.Debug|x64.Build.0 = Debug|Any CPU
		{E32A0874-820D-4C95-9597-6009F0E5F4D3}.Debug|x86.ActiveCfg = Debug|Any CPU
		{E32A0874-820D-4C95-9597-6009F0E5F4D3}.Debug|x86.Build.0 = Debug|Any CPU
		{E32A0874-820D-4C95-9597-6009F0E5F4D3}.Release|Any CPU.ActiveCfg = Release|Any CPU
		{E32A0874-820D-4C95-9597-6009F0E5F4D3}.Release|Any CPU.Build.0 = Release|Any CPU
		{E32A0874-820D-4C95-9597-6009F0E5F4D3}.Release|x64.ActiveCfg = Release|Any CPU
		{E32A0874-820D-4C95-9597-6009F0E5F4D3}.Release|x64.Build.0 = Release|Any CPU
		{E32A0874-820D-4C95-9597-6009F0E5F4D3}.Release|x86.ActiveCfg = Release|Any CPU
		{E32A0874-820D-4C95-9597-6009F0E5F4D3}.Release|x86.Build.0 = Release|Any CPU
		{21C001DB-C554-4CED-9887-90D4000DE5D7}.Debug|Any CPU.ActiveCfg = Debug|Any CPU
		{21C001DB-C554-4CED-9887-90D4000DE5D7}.Debug|Any CPU.Build.0 = Debug|Any CPU
		{21C001DB-C554-4CED-9887-90D4000DE5D7}.Debug|x64.ActiveCfg = Debug|Any CPU
		{21C001DB-C554-4CED-9887-90D4000DE5D7}.Debug|x64.Build.0 = Debug|Any CPU
		{21C001DB-C554-4CED-9887-90D4000DE5D7}.Debug|x86.ActiveCfg = Debug|Any CPU
		{21C001DB-C554-4CED-9887-90D4000DE5D7}.Debug|x86.Build.0 = Debug|Any CPU
		{21C001DB-C554-4CED-9887-90D4000DE5D7}.Release|Any CPU.ActiveCfg = Release|Any CPU
		{21C001DB-C554-4CED-9887-90D4000DE5D7}.Release|Any CPU.Build.0 = Release|Any CPU
		{21C001DB-C554-4CED-9887-90D4000DE5D7}.Release|x64.ActiveCfg = Release|Any CPU
		{21C001DB-C554-4CED-9887-90D4000DE5D7}.Release|x64.Build.0 = Release|Any CPU
		{21C001DB-C554-4CED-9887-90D4000DE5D7}.Release|x86.ActiveCfg = Release|Any CPU
		{21C001DB-C554-4CED-9887-90D4000DE5D7}.Release|x86.Build.0 = Release|Any CPU
		{09677DBA-E8BA-4220-847F-18CF7562E724}.Debug|Any CPU.ActiveCfg = Debug|Any CPU
		{09677DBA-E8BA-4220-847F-18CF7562E724}.Debug|Any CPU.Build.0 = Debug|Any CPU
		{09677DBA-E8BA-4220-847F-18CF7562E724}.Debug|x64.ActiveCfg = Debug|Any CPU
		{09677DBA-E8BA-4220-847F-18CF7562E724}.Debug|x64.Build.0 = Debug|Any CPU
		{09677DBA-E8BA-4220-847F-18CF7562E724}.Debug|x86.ActiveCfg = Debug|Any CPU
		{09677DBA-E8BA-4220-847F-18CF7562E724}.Debug|x86.Build.0 = Debug|Any CPU
		{09677DBA-E8BA-4220-847F-18CF7562E724}.Release|Any CPU.ActiveCfg = Release|Any CPU
		{09677DBA-E8BA-4220-847F-18CF7562E724}.Release|Any CPU.Build.0 = Release|Any CPU
		{09677DBA-E8BA-4220-847F-18CF7562E724}.Release|x64.ActiveCfg = Release|Any CPU
		{09677DBA-E8BA-4220-847F-18CF7562E724}.Release|x64.Build.0 = Release|Any CPU
		{09677DBA-E8BA-4220-847F-18CF7562E724}.Release|x86.ActiveCfg = Release|Any CPU
		{09677DBA-E8BA-4220-847F-18CF7562E724}.Release|x86.Build.0 = Release|Any CPU
		{F5725429-F09F-48E3-999A-4D3AEF07C31F}.Debug|Any CPU.ActiveCfg = Debug|Any CPU
		{F5725429-F09F-48E3-999A-4D3AEF07C31F}.Debug|Any CPU.Build.0 = Debug|Any CPU
		{F5725429-F09F-48E3-999A-4D3AEF07C31F}.Debug|x64.ActiveCfg = Debug|Any CPU
		{F5725429-F09F-48E3-999A-4D3AEF07C31F}.Debug|x64.Build.0 = Debug|Any CPU
		{F5725429-F09F-48E3-999A-4D3AEF07C31F}.Debug|x86.ActiveCfg = Debug|Any CPU
		{F5725429-F09F-48E3-999A-4D3AEF07C31F}.Debug|x86.Build.0 = Debug|Any CPU
		{F5725429-F09F-48E3-999A-4D3AEF07C31F}.Release|Any CPU.ActiveCfg = Release|Any CPU
		{F5725429-F09F-48E3-999A-4D3AEF07C31F}.Release|Any CPU.Build.0 = Release|Any CPU
		{F5725429-F09F-48E3-999A-4D3AEF07C31F}.Release|x64.ActiveCfg = Release|Any CPU
		{F5725429-F09F-48E3-999A-4D3AEF07C31F}.Release|x64.Build.0 = Release|Any CPU
		{F5725429-F09F-48E3-999A-4D3AEF07C31F}.Release|x86.ActiveCfg = Release|Any CPU
		{F5725429-F09F-48E3-999A-4D3AEF07C31F}.Release|x86.Build.0 = Release|Any CPU
		{79AFEF40-0C5D-4106-9E08-57AC6926DDBC}.Debug|Any CPU.ActiveCfg = Debug|Any CPU
		{79AFEF40-0C5D-4106-9E08-57AC6926DDBC}.Debug|Any CPU.Build.0 = Debug|Any CPU
		{79AFEF40-0C5D-4106-9E08-57AC6926DDBC}.Debug|x64.ActiveCfg = Debug|Any CPU
		{79AFEF40-0C5D-4106-9E08-57AC6926DDBC}.Debug|x64.Build.0 = Debug|Any CPU
		{79AFEF40-0C5D-4106-9E08-57AC6926DDBC}.Debug|x86.ActiveCfg = Debug|Any CPU
		{79AFEF40-0C5D-4106-9E08-57AC6926DDBC}.Debug|x86.Build.0 = Debug|Any CPU
		{79AFEF40-0C5D-4106-9E08-57AC6926DDBC}.Release|Any CPU.ActiveCfg = Release|Any CPU
		{79AFEF40-0C5D-4106-9E08-57AC6926DDBC}.Release|Any CPU.Build.0 = Release|Any CPU
		{79AFEF40-0C5D-4106-9E08-57AC6926DDBC}.Release|x64.ActiveCfg = Release|Any CPU
		{79AFEF40-0C5D-4106-9E08-57AC6926DDBC}.Release|x64.Build.0 = Release|Any CPU
		{79AFEF40-0C5D-4106-9E08-57AC6926DDBC}.Release|x86.ActiveCfg = Release|Any CPU
		{79AFEF40-0C5D-4106-9E08-57AC6926DDBC}.Release|x86.Build.0 = Release|Any CPU
		{E711A732-393E-40CE-84AA-5391D7FC7624}.Debug|Any CPU.ActiveCfg = Debug|Any CPU
		{E711A732-393E-40CE-84AA-5391D7FC7624}.Debug|Any CPU.Build.0 = Debug|Any CPU
		{E711A732-393E-40CE-84AA-5391D7FC7624}.Debug|x64.ActiveCfg = Debug|Any CPU
		{E711A732-393E-40CE-84AA-5391D7FC7624}.Debug|x64.Build.0 = Debug|Any CPU
		{E711A732-393E-40CE-84AA-5391D7FC7624}.Debug|x86.ActiveCfg = Debug|Any CPU
		{E711A732-393E-40CE-84AA-5391D7FC7624}.Debug|x86.Build.0 = Debug|Any CPU
		{E711A732-393E-40CE-84AA-5391D7FC7624}.Release|Any CPU.ActiveCfg = Release|Any CPU
		{E711A732-393E-40CE-84AA-5391D7FC7624}.Release|Any CPU.Build.0 = Release|Any CPU
		{E711A732-393E-40CE-84AA-5391D7FC7624}.Release|x64.ActiveCfg = Release|Any CPU
		{E711A732-393E-40CE-84AA-5391D7FC7624}.Release|x64.Build.0 = Release|Any CPU
		{E711A732-393E-40CE-84AA-5391D7FC7624}.Release|x86.ActiveCfg = Release|Any CPU
		{E711A732-393E-40CE-84AA-5391D7FC7624}.Release|x86.Build.0 = Release|Any CPU
		{600B6FE2-C081-4A2A-A2AF-2C9A65E5148F}.Debug|Any CPU.ActiveCfg = Debug|Any CPU
		{600B6FE2-C081-4A2A-A2AF-2C9A65E5148F}.Debug|Any CPU.Build.0 = Debug|Any CPU
		{600B6FE2-C081-4A2A-A2AF-2C9A65E5148F}.Debug|x64.ActiveCfg = Debug|Any CPU
		{600B6FE2-C081-4A2A-A2AF-2C9A65E5148F}.Debug|x64.Build.0 = Debug|Any CPU
		{600B6FE2-C081-4A2A-A2AF-2C9A65E5148F}.Debug|x86.ActiveCfg = Debug|Any CPU
		{600B6FE2-C081-4A2A-A2AF-2C9A65E5148F}.Debug|x86.Build.0 = Debug|Any CPU
		{600B6FE2-C081-4A2A-A2AF-2C9A65E5148F}.Release|Any CPU.ActiveCfg = Release|Any CPU
		{600B6FE2-C081-4A2A-A2AF-2C9A65E5148F}.Release|Any CPU.Build.0 = Release|Any CPU
		{600B6FE2-C081-4A2A-A2AF-2C9A65E5148F}.Release|x64.ActiveCfg = Release|Any CPU
		{600B6FE2-C081-4A2A-A2AF-2C9A65E5148F}.Release|x64.Build.0 = Release|Any CPU
		{600B6FE2-C081-4A2A-A2AF-2C9A65E5148F}.Release|x86.ActiveCfg = Release|Any CPU
		{600B6FE2-C081-4A2A-A2AF-2C9A65E5148F}.Release|x86.Build.0 = Release|Any CPU
		{8F0F4499-CD21-40BC-B1AC-B0D84CC58DCE}.Debug|Any CPU.ActiveCfg = Debug|Any CPU
		{8F0F4499-CD21-40BC-B1AC-B0D84CC58DCE}.Debug|Any CPU.Build.0 = Debug|Any CPU
		{8F0F4499-CD21-40BC-B1AC-B0D84CC58DCE}.Debug|x64.ActiveCfg = Debug|Any CPU
		{8F0F4499-CD21-40BC-B1AC-B0D84CC58DCE}.Debug|x64.Build.0 = Debug|Any CPU
		{8F0F4499-CD21-40BC-B1AC-B0D84CC58DCE}.Debug|x86.ActiveCfg = Debug|Any CPU
		{8F0F4499-CD21-40BC-B1AC-B0D84CC58DCE}.Debug|x86.Build.0 = Debug|Any CPU
		{8F0F4499-CD21-40BC-B1AC-B0D84CC58DCE}.Release|Any CPU.ActiveCfg = Release|Any CPU
		{8F0F4499-CD21-40BC-B1AC-B0D84CC58DCE}.Release|Any CPU.Build.0 = Release|Any CPU
		{8F0F4499-CD21-40BC-B1AC-B0D84CC58DCE}.Release|x64.ActiveCfg = Release|Any CPU
		{8F0F4499-CD21-40BC-B1AC-B0D84CC58DCE}.Release|x64.Build.0 = Release|Any CPU
		{8F0F4499-CD21-40BC-B1AC-B0D84CC58DCE}.Release|x86.ActiveCfg = Release|Any CPU
		{8F0F4499-CD21-40BC-B1AC-B0D84CC58DCE}.Release|x86.Build.0 = Release|Any CPU
		{37409EB2-7748-4F32-9AE9-6252A59ACB88}.Debug|Any CPU.ActiveCfg = Debug|Any CPU
		{37409EB2-7748-4F32-9AE9-6252A59ACB88}.Debug|Any CPU.Build.0 = Debug|Any CPU
		{37409EB2-7748-4F32-9AE9-6252A59ACB88}.Debug|x64.ActiveCfg = Debug|Any CPU
		{37409EB2-7748-4F32-9AE9-6252A59ACB88}.Debug|x64.Build.0 = Debug|Any CPU
		{37409EB2-7748-4F32-9AE9-6252A59ACB88}.Debug|x86.ActiveCfg = Debug|Any CPU
		{37409EB2-7748-4F32-9AE9-6252A59ACB88}.Debug|x86.Build.0 = Debug|Any CPU
		{37409EB2-7748-4F32-9AE9-6252A59ACB88}.Release|Any CPU.ActiveCfg = Release|Any CPU
		{37409EB2-7748-4F32-9AE9-6252A59ACB88}.Release|Any CPU.Build.0 = Release|Any CPU
		{37409EB2-7748-4F32-9AE9-6252A59ACB88}.Release|x64.ActiveCfg = Release|Any CPU
		{37409EB2-7748-4F32-9AE9-6252A59ACB88}.Release|x64.Build.0 = Release|Any CPU
		{37409EB2-7748-4F32-9AE9-6252A59ACB88}.Release|x86.ActiveCfg = Release|Any CPU
		{37409EB2-7748-4F32-9AE9-6252A59ACB88}.Release|x86.Build.0 = Release|Any CPU
		{76D1871D-0791-432A-B62C-742522802843}.Debug|Any CPU.ActiveCfg = Debug|Any CPU
		{76D1871D-0791-432A-B62C-742522802843}.Debug|Any CPU.Build.0 = Debug|Any CPU
		{76D1871D-0791-432A-B62C-742522802843}.Debug|x64.ActiveCfg = Debug|Any CPU
		{76D1871D-0791-432A-B62C-742522802843}.Debug|x64.Build.0 = Debug|Any CPU
		{76D1871D-0791-432A-B62C-742522802843}.Debug|x86.ActiveCfg = Debug|Any CPU
		{76D1871D-0791-432A-B62C-742522802843}.Debug|x86.Build.0 = Debug|Any CPU
		{76D1871D-0791-432A-B62C-742522802843}.Release|Any CPU.ActiveCfg = Release|Any CPU
		{76D1871D-0791-432A-B62C-742522802843}.Release|Any CPU.Build.0 = Release|Any CPU
		{76D1871D-0791-432A-B62C-742522802843}.Release|x64.ActiveCfg = Release|Any CPU
		{76D1871D-0791-432A-B62C-742522802843}.Release|x64.Build.0 = Release|Any CPU
		{76D1871D-0791-432A-B62C-742522802843}.Release|x86.ActiveCfg = Release|Any CPU
		{76D1871D-0791-432A-B62C-742522802843}.Release|x86.Build.0 = Release|Any CPU
		{53C67307-8694-41D6-ACE2-99EFF4A16FF9}.Debug|Any CPU.ActiveCfg = Debug|Any CPU
		{53C67307-8694-41D6-ACE2-99EFF4A16FF9}.Debug|Any CPU.Build.0 = Debug|Any CPU
		{53C67307-8694-41D6-ACE2-99EFF4A16FF9}.Debug|x64.ActiveCfg = Debug|Any CPU
		{53C67307-8694-41D6-ACE2-99EFF4A16FF9}.Debug|x64.Build.0 = Debug|Any CPU
		{53C67307-8694-41D6-ACE2-99EFF4A16FF9}.Debug|x86.ActiveCfg = Debug|Any CPU
		{53C67307-8694-41D6-ACE2-99EFF4A16FF9}.Debug|x86.Build.0 = Debug|Any CPU
		{53C67307-8694-41D6-ACE2-99EFF4A16FF9}.Release|Any CPU.ActiveCfg = Release|Any CPU
		{53C67307-8694-41D6-ACE2-99EFF4A16FF9}.Release|Any CPU.Build.0 = Release|Any CPU
		{53C67307-8694-41D6-ACE2-99EFF4A16FF9}.Release|x64.ActiveCfg = Release|Any CPU
		{53C67307-8694-41D6-ACE2-99EFF4A16FF9}.Release|x64.Build.0 = Release|Any CPU
		{53C67307-8694-41D6-ACE2-99EFF4A16FF9}.Release|x86.ActiveCfg = Release|Any CPU
		{53C67307-8694-41D6-ACE2-99EFF4A16FF9}.Release|x86.Build.0 = Release|Any CPU
		{BCB967F0-2CB3-423A-A2DD-AECCB84E02B5}.Debug|Any CPU.ActiveCfg = Debug|Any CPU
		{BCB967F0-2CB3-423A-A2DD-AECCB84E02B5}.Debug|Any CPU.Build.0 = Debug|Any CPU
		{BCB967F0-2CB3-423A-A2DD-AECCB84E02B5}.Debug|x64.ActiveCfg = Debug|Any CPU
		{BCB967F0-2CB3-423A-A2DD-AECCB84E02B5}.Debug|x64.Build.0 = Debug|Any CPU
		{BCB967F0-2CB3-423A-A2DD-AECCB84E02B5}.Debug|x86.ActiveCfg = Debug|Any CPU
		{BCB967F0-2CB3-423A-A2DD-AECCB84E02B5}.Debug|x86.Build.0 = Debug|Any CPU
		{BCB967F0-2CB3-423A-A2DD-AECCB84E02B5}.Release|Any CPU.ActiveCfg = Release|Any CPU
		{BCB967F0-2CB3-423A-A2DD-AECCB84E02B5}.Release|Any CPU.Build.0 = Release|Any CPU
		{BCB967F0-2CB3-423A-A2DD-AECCB84E02B5}.Release|x64.ActiveCfg = Release|Any CPU
		{BCB967F0-2CB3-423A-A2DD-AECCB84E02B5}.Release|x64.Build.0 = Release|Any CPU
		{BCB967F0-2CB3-423A-A2DD-AECCB84E02B5}.Release|x86.ActiveCfg = Release|Any CPU
		{BCB967F0-2CB3-423A-A2DD-AECCB84E02B5}.Release|x86.Build.0 = Release|Any CPU
		{54E96304-51FE-4CA0-A61C-2C0181C8AD4B}.Debug|Any CPU.ActiveCfg = Debug|Any CPU
		{54E96304-51FE-4CA0-A61C-2C0181C8AD4B}.Debug|Any CPU.Build.0 = Debug|Any CPU
		{54E96304-51FE-4CA0-A61C-2C0181C8AD4B}.Debug|x64.ActiveCfg = Debug|Any CPU
		{54E96304-51FE-4CA0-A61C-2C0181C8AD4B}.Debug|x64.Build.0 = Debug|Any CPU
		{54E96304-51FE-4CA0-A61C-2C0181C8AD4B}.Debug|x86.ActiveCfg = Debug|Any CPU
		{54E96304-51FE-4CA0-A61C-2C0181C8AD4B}.Debug|x86.Build.0 = Debug|Any CPU
		{54E96304-51FE-4CA0-A61C-2C0181C8AD4B}.Release|Any CPU.ActiveCfg = Release|Any CPU
		{54E96304-51FE-4CA0-A61C-2C0181C8AD4B}.Release|Any CPU.Build.0 = Release|Any CPU
		{54E96304-51FE-4CA0-A61C-2C0181C8AD4B}.Release|x64.ActiveCfg = Release|Any CPU
		{54E96304-51FE-4CA0-A61C-2C0181C8AD4B}.Release|x64.Build.0 = Release|Any CPU
		{54E96304-51FE-4CA0-A61C-2C0181C8AD4B}.Release|x86.ActiveCfg = Release|Any CPU
		{54E96304-51FE-4CA0-A61C-2C0181C8AD4B}.Release|x86.Build.0 = Release|Any CPU
		{8B06A899-3AC5-44C7-A357-EF4C23B240C6}.Debug|Any CPU.ActiveCfg = Debug|Any CPU
		{8B06A899-3AC5-44C7-A357-EF4C23B240C6}.Debug|Any CPU.Build.0 = Debug|Any CPU
		{8B06A899-3AC5-44C7-A357-EF4C23B240C6}.Debug|x64.ActiveCfg = Debug|Any CPU
		{8B06A899-3AC5-44C7-A357-EF4C23B240C6}.Debug|x64.Build.0 = Debug|Any CPU
		{8B06A899-3AC5-44C7-A357-EF4C23B240C6}.Debug|x86.ActiveCfg = Debug|Any CPU
		{8B06A899-3AC5-44C7-A357-EF4C23B240C6}.Debug|x86.Build.0 = Debug|Any CPU
		{8B06A899-3AC5-44C7-A357-EF4C23B240C6}.Release|Any CPU.ActiveCfg = Release|Any CPU
		{8B06A899-3AC5-44C7-A357-EF4C23B240C6}.Release|Any CPU.Build.0 = Release|Any CPU
		{8B06A899-3AC5-44C7-A357-EF4C23B240C6}.Release|x64.ActiveCfg = Release|Any CPU
		{8B06A899-3AC5-44C7-A357-EF4C23B240C6}.Release|x64.Build.0 = Release|Any CPU
		{8B06A899-3AC5-44C7-A357-EF4C23B240C6}.Release|x86.ActiveCfg = Release|Any CPU
		{8B06A899-3AC5-44C7-A357-EF4C23B240C6}.Release|x86.Build.0 = Release|Any CPU
	EndGlobalSection
	GlobalSection(SolutionProperties) = preSolution
		HideSolutionNode = FALSE
	EndGlobalSection
	GlobalSection(NestedProjects) = preSolution
		{284C4AAA-2FED-4879-9027-2DC691FEE3A2} = {02EA681E-C7D8-13C7-8484-4AC65E1B71E8}
		{A29F72EA-F2CB-4A58-B8D1-E5437F5AEACF} = {02EA681E-C7D8-13C7-8484-4AC65E1B71E8}
		{A3E39B73-1B0C-4949-943F-4F37C1605CF7} = {02EA681E-C7D8-13C7-8484-4AC65E1B71E8}
		{9D796510-1398-4D07-94B0-80547DACABE6} = {02EA681E-C7D8-13C7-8484-4AC65E1B71E8}
		{E32A0874-820D-4C95-9597-6009F0E5F4D3} = {02EA681E-C7D8-13C7-8484-4AC65E1B71E8}
		{21C001DB-C554-4CED-9887-90D4000DE5D7} = {6AEF2B5E-4EE3-4397-9B02-A4CF9654C253}
		{09677DBA-E8BA-4220-847F-18CF7562E724} = {6AEF2B5E-4EE3-4397-9B02-A4CF9654C253}
		{F5725429-F09F-48E3-999A-4D3AEF07C31F} = {6AEF2B5E-4EE3-4397-9B02-A4CF9654C253}
		{79AFEF40-0C5D-4106-9E08-57AC6926DDBC} = {6AEF2B5E-4EE3-4397-9B02-A4CF9654C253}
		{E711A732-393E-40CE-84AA-5391D7FC7624} = {6AEF2B5E-4EE3-4397-9B02-A4CF9654C253}
		{600B6FE2-C081-4A2A-A2AF-2C9A65E5148F} = {6AEF2B5E-4EE3-4397-9B02-A4CF9654C253}
		{8F0F4499-CD21-40BC-B1AC-B0D84CC58DCE} = {035454C5-4D56-40D3-B63D-4738C020BA5F}
		{37409EB2-7748-4F32-9AE9-6252A59ACB88} = {035454C5-4D56-40D3-B63D-4738C020BA5F}
		{76D1871D-0791-432A-B62C-742522802843} = {035454C5-4D56-40D3-B63D-4738C020BA5F}
		{53C67307-8694-41D6-ACE2-99EFF4A16FF9} = {035454C5-4D56-40D3-B63D-4738C020BA5F}
		{BCB967F0-2CB3-423A-A2DD-AECCB84E02B5} = {035454C5-4D56-40D3-B63D-4738C020BA5F}
		{8B06A899-3AC5-44C7-A357-EF4C23B240C6} = {035454C5-4D56-40D3-B63D-4738C020BA5F}
	EndGlobalSection
	GlobalSection(ExtensibilityGlobals) = postSolution
		SolutionGuid = {891BF969-426D-4F06-B377-8EB0E9474517}
	EndGlobalSection
EndGlobal
