
Microsoft Visual Studio Solution File, Format Version 12.00
# Visual Studio Version 17
VisualStudioVersion = 17.14.37111.16
MinimumVisualStudioVersion = 10.0.40219.1
Project("{FAE04EC0-301F-11D3-BF4B-00C04F79EFBC}") = "01-MsgBox", "SP P-43\01-MsgBox.csproj", "{284C4AAA-2FED-4879-9027-2DC691FEE3A2}"
EndProject
Project("{FAE04EC0-301F-11D3-BF4B-00C04F79EFBC}") = "02 - PInvoke Find Window", "02 - PInvole Find Window\02 - PInvoke Find Window.csproj", "{A29F72EA-F2CB-4A58-B8D1-E5437F5AEACF}"
EndProject
Project("{2150E333-8FDC-42A3-9474-1A3956D46DE8}") = "01-P Invoke", "01-P Invoke", "{02EA681E-C7D8-13C7-8484-4AC65E1B71E8}"
EndProject
Project("{8BC9CEB8-8B4A-11D0-8D11-00A0C91BC942}") = "User Func project", "User Func project\User Func project.vcxproj", "{A3E39B73-1B0C-4949-943F-4F37C1605CF7}"
EndProject
Project("{FAE04EC0-301F-11D3-BF4B-00C04F79EFBC}") = "03-Pinvoke user func", "03-Pinvoke user func\03-Pinvoke user func.csproj", "{9D796510-1398-4D07-94B0-80547DACABE6}"
EndProject
Project("{FAE04EC0-301F-11D3-BF4B-00C04F79EFBC}") = "02 -Find window (simple)", "02 -Find window (simple)\02 -Find window (simple).csproj", "{E32A0874-820D-4C95-9597-6009F0E5F4D3}"
EndProject
Project("{2150E333-8FDC-42A3-9474-1A3956D46DE8}") = "02-Processes", "02-Processes", "{6AEF2B5E-4EE3-4397-9B02-A4CF9654C253}"
EndProject
Project("{FAE04EC0-301F-11D3-BF4B-00C04F79EFBC}") = "01-List of processes", "01-List of processes\01-List of processes.csproj", "{21C001DB-C554-4CED-9887-90D4000DE5D7}"
EndProject
Project("{FAE04EC0-301F-11D3-BF4B-00C04F79EFBC}") = "02-Create process", "02-Create process\02-Create process.csproj", "{09677DBA-E8BA-4220-847F-18CF7562E724}"
EndProject
Project("{FAE04EC0-301F-11D3-BF4B-00C04F79EFBC}") = "WF Processes", "WF Processes\WF Processes.csproj", "{F5725429-F09F-48E3-999A-4D3AEF07C31F}"
EndProject
Project("{FAE04EC0-301F-11D3-BF4B-00C04F79EFBC}") = "03-close and kill process", "03-close and kill process\03-close and kill process.csproj", "{79AFEF40-0C5D-4106-9E08-57AC6926DDBC}"
EndProject
Project("{FAE04EC0-301F-11D3-BF4B-00C04F79EFBC}") = "child-process", "child-process\child-process.csproj", "{E711A732-393E-40CE-84AA-5391D7FC7624}"
EndProject
Project("{FAE04EC0-301F-11D3-BF4B-00C04F79EFBC}") = "04- parent process", "04- parent process\04- parent process.csproj", "{600B6FE2-C081-4A2A-A2AF-2C9A65E5148F}"
EndProject
Project("{2150E333-8FDC-42A3-9474-1A3956D46DE8}") = "03-Threads", "03-Threads", "{035454C5-4D56-40D3-B63D-4738C020BA5F}"
EndProject
Project("{FAE04EC0-301F-11D3-BF4B-00C04F79EFBC}") = "01-Thread", "01-Thread\01-Thread.csproj", "{8F0F4499-CD21-40BC-B1AC-B0D84CC58DCE}"
EndProject
Project("{FAE04EC0-301F-11D3-BF4B-00C04F79EFBC}") = "02-Thread", "02-Thread\02-Thread.csproj", "{37409EB2-7748-4F32-9AE9-6252A59ACB88}"
EndProject
Project("{FAE04EC0-301F-11D3-BF4B-00C04F79EFBC}") = "03-Thread with data", "03-Thread with data\03-Thread with data.csproj", "{76D1871D-0791-432A-B62C-742522802843}"
EndProject
Project("{FAE04EC0-301F-11D3-BF4B-00C04F79EFBC}") = "04-Threads (sync colors)", "04-Threads (sync colors)\04-Threads (sync colors).csproj", "{53C67307-8694-41D6-ACE2-99EFF4A16FF9}"
EndProject
Project("{FAE04EC0-301F-11D3-BF4B-00C04F79EFBC}") = "05-Array of threads", "04-Array of threds\05-Array of threads.csproj", "{BCB967F0-2CB3-423A-A2DD-AECCB84E02B5}"
EndProject
Project("{FAE04EC0-301F-11D3-BF4B-00C04F79EFBC}") = "06-Threads (working with data array)", "06-Threads (working with data array)\06-Threads (working with data array).csproj", "{54E96304-51FE-4CA0-A61C-2C0181C8AD4B}"
EndProject
Project("{FAE04EC0-301F-11D3-BF4B-00C04F79EFBC}") = "07-Thread WF (letters)", "07-Thread WF (letters)\07-Thread WF (letters).csproj", "{8B06A899-3AC5-44C7-A357-EF4C23B240C6}"
EndProject
Project("{2150E333-8FDC-42A3-9474-1A3956D46DE8}") = "04-Sync of threads", "04-Sync of threads", "{611CFCB2-1E75-4638-A219-9179005EF225}"
EndProject
Project("{FAE04EC0-301F-11D3-BF4B-00C04F79EFBC}") = "00-Race condition", "00-Race condition\00-Race condition.csproj", "{11A35213-C236-4A73-936B-6F91CA41F639}"
EndProject
Project("{FAE04EC0-301F-11D3-BF4B-00C04F79EFBC}") = "01-sync lock", "01-sync lock\01-sync lock.csproj", "{4FF4E550-4F1E-4C0E-8116-9795F251821E}"
EndProject
Project("{FAE04EC0-301F-11D3-BF4B-00C04F79EFBC}") = "02-Interlock", "02-Interlock\02-Interlock.csproj", "{57A172F1-FD15-48DA-A58C-86F8463EE8E7}"
EndProject
Project("{FAE04EC0-301F-11D3-BF4B-00C04F79EFBC}") = "04-01-Mutex", "04-Mutex\04-01-Mutex.csproj", "{FE2810D8-9B64-4B7E-9C46-1BAB2BD27E6C}"
EndProject
Project("{FAE04EC0-301F-11D3-BF4B-00C04F79EFBC}") = "04-02-Interprocess Mutex", "04-02 Interprocess Mutex\04-02-Interprocess Mutex.csproj", "{C8AEB9B7-AF3A-4178-9790-47972CDD77A5}"
EndProject
Project("{FAE04EC0-301F-11D3-BF4B-00C04F79EFBC}") = "05-Semaphor", "05-Semaphor\05-Semaphor.csproj", "{08DA1BF3-CD4B-464F-ABF8-994B54BB4D5B}"
EndProject
Project("{FAE04EC0-301F-11D3-BF4B-00C04F79EFBC}") = "06_Semaphore Slim", "06_Semaphore Slim\06_Semaphore Slim.csproj", "{5E0CE1AD-857C-4894-8AAD-1347EC3E550D}"
EndProject
Project("{FAE04EC0-301F-11D3-BF4B-00C04F79EFBC}") = "07_Monitor", "07_Monitor\07_Monitor.csproj", "{8FAC20EA-F489-4C5A-9CB9-8D352E24763D}"
EndProject
Project("{FAE04EC0-301F-11D3-BF4B-00C04F79EFBC}") = "08-Monitor (Wait-Pulse)", "08-Monitor (Wait-Pulse)\08-Monitor (Wait-Pulse).csproj", "{71BB76AB-CAF5-41C9-8FAD-8B7889CB644B}"
EndProject
Project("{FAE04EC0-301F-11D3-BF4B-00C04F79EFBC}") = "09-Monitor (product-consumer)", "09-Monitor (product-consumer)\09-Monitor (product-consumer).csproj", "{A90FA198-5A89-4DED-8F9E-EE7F15DBAE70}"
EndProject
Global
	GlobalSection(SolutionConfigurationPlatforms) = preSolution
		Debug|Any CPU = Debug|Any CPU
		Debug|x64 = Debug|x64
		Debug|x86 = Debug|x86
		Release|Any CPU = Release|Any CPU
		Release|x64 = Release|x64
		Release|x86 = Release|x86
	EndGlobalSection
	GlobalSection(ProjectConfigurationPlatforms) = postSolution
		{284C4AAA-2FED-4879-9027-2DC691FEE3A2}.Debug|Any CPU.ActiveCfg = Debug|Any CPU
		{284C4AAA-2FED-4879-9027-2DC691FEE3A2}.Debug|Any CPU.Build.0 = Debug|Any CPU
		{284C4AAA-2FED-4879-9027-2DC691FEE3A2}.Debug|x64.ActiveCfg = Debug|Any CPU
		{284C4AAA-2FED-4879-9027-2DC691FEE3A2}.Debug|x64.Build.0 = Debug|Any CPU
		{284C4AAA-2FED-4879-9027-2DC691FEE3A2}.Debug|x86.ActiveCfg = Debug|Any CPU
		{284C4AAA-2FED-4879-9027-2DC691FEE3A2}.Debug|x86.Build.0 = Debug|Any CPU
		{284C4AAA-2FED-4879-9027-2DC691FEE3A2}.Release|Any CPU.ActiveCfg = Release|Any CPU
		{284C4AAA-2FED-4879-9027-2DC691FEE3A2}.Release|Any CPU.Build.0 = Release|Any CPU
		{284C4AAA-2FED-4879-9027-2DC691FEE3A2}.Release|x64.ActiveCfg = Release|Any CPU
		{284C4AAA-2FED-4879-9027-2DC691FEE3A2}.Release|x64.Build.0 = Release|Any CPU
		{284C4AAA-2FED-4879-9027-2DC691FEE3A2}.Release|x86.ActiveCfg = Release|Any CPU
		{284C4AAA-2FED-4879-9027-2DC691FEE3A2}.Release|x86.Build.0 = Release|Any CPU
		{A29F72EA-F2CB-4A58-B8D1-E5437F5AEACF}.Debug|Any CPU.ActiveCfg = Debug|Any CPU
		{A29F72EA-F2CB-4A58-B8D1-E5437F5AEACF}.Debug|Any CPU.Build.0 = Debug|Any CPU
		{A29F72EA-F2CB-4A58-B8D1-E5437F5AEACF}.Debug|x64.ActiveCfg = Debug|Any CPU
		{A29F72EA-F2CB-4A58-B8D1-E5437F5AEACF}.Debug|x64.Build.0 = Debug|Any CPU
		{A29F72EA-F2CB-4A58-B8D1-E5437F5AEACF}.Debug|x86.ActiveCfg = Debug|Any CPU
		{A29F72EA-F2CB-4A58-B8D1-E5437F5AEACF}.Debug|x86.Build.0 = Debug|Any CPU
		{A29F72EA-F2CB-4A58-B8D1-E5437F5AEACF}.Release|Any CPU.ActiveCfg = Release|Any CPU
		{A29F72EA-F2CB-4A58-B8D1-E5437F5AEACF}.Release|Any CPU.Build.0 = Release|Any CPU
		{A29F72EA-F2CB-4A58-B8D1-E5437F5AEACF}.Release|x64.ActiveCfg = Release|Any CPU
		{A29F72EA-F2CB-4A58-B8D1-E5437F5AEACF}.Release|x64.Build.0 = Release|Any CPU
		{A29F72EA-F2CB-4A58-B8D1-E5437F5AEACF}.Release|x86.ActiveCfg = Release|Any CPU
		{A29F72EA-F2CB-4A58-B8D1-E5437F5AEACF}.Release|x86.Build.0 = Release|Any CPU
		{A3E39B73-1B0C-4949-943F-4F37C1605CF7}.Debug|Any CPU.ActiveCfg = Debug|x64
		{A3E39B73-1B0C-4949-943F-4F37C1605CF7}.Debug|Any CPU.Build.0 = Debug|x64
		{A3E39B73-1B0C-4949-943F-4F37C1605CF7}.Debug|x64.ActiveCfg = Debug|x64
		{A3E39B73-1B0C-4949-943F-4F37C1605CF7}.Debug|x64.Build.0 = Debug|x64
		{A3E39B73-1B0C-4949-943F-4F37C1605CF7}.Debug|x86.ActiveCfg = Debug|Win32
		{A3E39B73-1B0C-4949-943F-4F37C1605CF7}.Debug|x86.Build.0 = Debug|Win32
		{A3E39B73-1B0C-4949-943F-4F37C1605CF7}.Release|Any CPU.ActiveCfg = Release|x64
		{A3E39B73-1B0C-4949-943F-4F37C1605CF7}.Release|Any CPU.Build.0 = Release|x64
		{A3E39B73-1B0C-4949-943F-4F37C1605CF7}.Release|x64.ActiveCfg = Release|x64
		{A3E39B73-1B0C-4949-943F-4F37C1605CF7}.Release|x64.Build.0 = Release|x64
		{A3E39B73-1B0C-4949-943F-4F37C1605CF7}.Release|x86.ActiveCfg = Release|Win32
		{A3E39B73-1B0C-4949-943F-4F37C1605CF7}.Release|x86.Build.0 = Release|Win32
		{9D796510-1398-4D07-94B0-80547DACABE6}.Debug|Any CPU.ActiveCfg = Debug|Any CPU
		{9D796510-1398-4D07-94B0-80547DACABE6}.Debug|Any CPU.Build.0 = Debug|Any CPU
		{9D796510-1398-4D07-94B0-80547DACABE6}.Debug|x64.ActiveCfg = Debug|Any CPU
		{9D796510-1398-4D07-94B0-80547DACABE6}.Debug|x64.Build.0 = Debug|Any CPU
		{9D796510-1398-4D07-94B0-80547DACABE6}.Debug|x86.ActiveCfg = Debug|Any CPU
		{9D796510-1398-4D07-94B0-80547DACABE6}.Debug|x86.Build.0 = Debug|Any CPU
		{9D796510-1398-4D07-94B0-80547DACABE6}.Release|Any CPU.ActiveCfg = Release|Any CPU
		{9D796510-1398-4D07-94B0-80547DACABE6}.Release|Any CPU.Build.0 = Release|Any CPU
		{9D796510-1398-4D07-94B0-80547DACABE6}.Release|x64.ActiveCfg = Release|Any CPU
		{9D796510-1398-4D07-94B0-80547DACABE6}.Release|x64.Build.0 = Release|Any CPU
		{9D796510-1398-4D07-94B0-80547DACABE6}.Release|x86.ActiveCfg = Release|Any CPU
		{9D796510-1398-4D07-94B0-80547DACABE6}.Release|x86.Build.0 = Release|Any CPU
		{E32A0874-820D-4C95-9597-6009F0E5F4D3}.Debug|Any CPU.ActiveCfg = Debug|Any CPU
		{E32A0874-820D-4C95-9597-6009F0E5F4D3}.Debug|Any CPU.Build.0 = Debug|Any CPU
		{E32A0874-820D-4C95-9597-6009F0E5F4D3}.Debug|x64.ActiveCfg = Debug|Any CPU
		{E32A0874-820D-4C95-9597-6009F0E5F4D3}.Debug|x64.Build.0 = Debug|Any CPU
		{E32A0874-820D-4C95-9597-6009F0E5F4D3}.Debug|x86.ActiveCfg = Debug|Any CPU
		{E32A0874-820D-4C95-9597-6009F0E5F4D3}.Debug|x86.Build.0 = Debug|Any CPU
		{E32A0874-820D-4C95-9597-6009F0E5F4D3}.Release|Any CPU.ActiveCfg = Release|Any CPU
		{E32A0874-820D-4C95-9597-6009F0E5F4D3}.Release|Any CPU.Build.0 = Release|Any CPU
		{E32A0874-820D-4C95-9597-6009F0E5F4D3}.Release|x64.ActiveCfg = Release|Any CPU
		{E32A0874-820D-4C95-9597-6009F0E5F4D3}.Release|x64.Build.0 = Release|Any CPU
		{E32A0874-820D-4C95-9597-6009F0E5F4D3}.Release|x86.ActiveCfg = Release|Any CPU
		{E32A0874-820D-4C95-9597-6009F0E5F4D3}.Release|x86.Build.0 = Release|Any CPU
		{21C001DB-C554-4CED-9887-90D4000DE5D7}.Debug|Any CPU.ActiveCfg = Debug|Any CPU
		{21C001DB-C554-4CED-9887-90D4000DE5D7}.Debug|Any CPU.Build.0 = Debug|Any CPU
		{21C001DB-C554-4CED-9887-90D4000DE5D7}.Debug|x64.ActiveCfg = Debug|Any CPU
		{21C001DB-C554-4CED-9887-90D4000DE5D7}.Debug|x64.Build.0 = Debug|Any CPU
		{21C001DB-C554-4CED-9887-90D4000DE5D7}.Debug|x86.ActiveCfg = Debug|Any CPU
		{21C001DB-C554-4CED-9887-90D4000DE5D7}.Debug|x86.Build.0 = Debug|Any CPU
		{21C001DB-C554-4CED-9887-90D4000DE5D7}.Release|Any CPU.ActiveCfg = Release|Any CPU
		{21C001DB-C554-4CED-9887-90D4000DE5D7}.Release|Any CPU.Build.0 = Release|Any CPU
		{21C001DB-C554-4CED-9887-90D4000DE5D7}.Release|x64.ActiveCfg = Release|Any CPU
		{21C001DB-C554-4CED-9887-90D4000DE5D7}.Release|x64.Build.0 = Release|Any CPU
		{21C001DB-C554-4CED-9887-90D4000DE5D7}.Release|x86.ActiveCfg = Release|Any CPU
		{21C001DB-C554-4CED-9887-90D4000DE5D7}.Release|x86.Build.0 = Release|Any CPU
		{09677DBA-E8BA-4220-847F-18CF7562E724}.Debug|Any CPU.ActiveCfg = Debug|Any CPU
		{09677DBA-E8BA-4220-847F-18CF7562E724}.Debug|Any CPU.Build.0 = Debug|Any CPU
		{09677DBA-E8BA-4220-847F-18CF7562E724}.Debug|x64.ActiveCfg = Debug|Any CPU
		{09677DBA-E8BA-4220-847F-18CF7562E724}.Debug|x64.Build.0 = Debug|Any CPU
		{09677DBA-E8BA-4220-847F-18CF7562E724}.Debug|x86.ActiveCfg = Debug|Any CPU
		{09677DBA-E8BA-4220-847F-18CF7562E724}.Debug|x86.Build.0 = Debug|Any CPU
		{09677DBA-E8BA-4220-847F-18CF7562E724}.Release|Any CPU.ActiveCfg = Release|Any CPU
		{09677DBA-E8BA-4220-847F-18CF7562E724}.Release|Any CPU.Build.0 = Release|Any CPU
		{09677DBA-E8BA-4220-847F-18CF7562E724}.Release|x64.ActiveCfg = Release|Any CPU
		{09677DBA-E8BA-4220-847F-18CF7562E724}.Release|x64.Build.0 = Release|Any CPU
		{09677DBA-E8BA-4220-847F-18CF7562E724}.Release|x86.ActiveCfg = Release|Any CPU
		{09677DBA-E8BA-4220-847F-18CF7562E724}.Release|x86.Build.0 = Release|Any CPU
		{F5725429-F09F-48E3-999A-4D3AEF07C31F}.Debug|Any CPU.ActiveCfg = Debug|Any CPU
		{F5725429-F09F-48E3-999A-4D3AEF07C31F}.Debug|Any CPU.Build.0 = Debug|Any CPU
		{F5725429-F09F-48E3-999A-4D3AEF07C31F}.Debug|x64.ActiveCfg = Debug|Any CPU
		{F5725429-F09F-48E3-999A-4D3AEF07C31F}.Debug|x64.Build.0 = Debug|Any CPU
		{F5725429-F09F-48E3-999A-4D3AEF07C31F}.Debug|x86.ActiveCfg = Debug|Any CPU
		{F5725429-F09F-48E3-999A-4D3AEF07C31F}.Debug|x86.Build.0 = Debug|Any CPU
		{F5725429-F09F-48E3-999A-4D3AEF07C31F}.Release|Any CPU.ActiveCfg = Release|Any CPU
		{F5725429-F09F-48E3-999A-4D3AEF07C31F}.Release|Any CPU.Build.0 = Release|Any CPU
		{F5725429-F09F-48E3-999A-4D3AEF07C31F}.Release|x64.ActiveCfg = Release|Any CPU
		{F5725429-F09F-48E3-999A-4D3AEF07C31F}.Release|x64.Build.0 = Release|Any CPU
		{F5725429-F09F-48E3-999A-4D3AEF07C31F}.Release|x86.ActiveCfg = Release|Any CPU
		{F5725429-F09F-48E3-999A-4D3AEF07C31F}.Release|x86.Build.0 = Release|Any CPU
		{79AFEF40-0C5D-4106-9E08-57AC6926DDBC}.Debug|Any CPU.ActiveCfg = Debug|Any CPU
		{79AFEF40-0C5D-4106-9E08-57AC6926DDBC}.Debug|Any CPU.Build.0 = Debug|Any CPU
		{79AFEF40-0C5D-4106-9E08-57AC6926DDBC}.Debug|x64.ActiveCfg = Debug|Any CPU
		{79AFEF40-0C5D-4106-9E08-57AC6926DDBC}.Debug|x64.Build.0 = Debug|Any CPU
		{79AFEF40-0C5D-4106-9E08-57AC6926DDBC}.Debug|x86.ActiveCfg = Debug|Any CPU
		{79AFEF40-0C5D-4106-9E08-57AC6926DDBC}.Debug|x86.Build.0 = Debug|Any CPU
		{79AFEF40-0C5D-4106-9E08-57AC6926DDBC}.Release|Any CPU.ActiveCfg = Release|Any CPU
		{79AFEF40-0C5D-4106-9E08-57AC6926DDBC}.Release|Any CPU.Build.0 = Release|Any CPU
		{79AFEF40-0C5D-4106-9E08-57AC6926DDBC}.Release|x64.ActiveCfg = Release|Any CPU
		{79AFEF40-0C5D-4106-9E08-57AC6926DDBC}.Release|x64.Build.0 = Release|Any CPU
		{79AFEF40-0C5D-4106-9E08-57AC6926DDBC}.Release|x86.ActiveCfg = Release|Any CPU
		{79AFEF40-0C5D-4106-9E08-57AC6926DDBC}.Release|x86.Build.0 = Release|Any CPU
		{E711A732-393E-40CE-84AA-5391D7FC7624}.Debug|Any CPU.ActiveCfg = Debug|Any CPU
		{E711A732-393E-40CE-84AA-5391D7FC7624}.Debug|Any CPU.Build.0 = Debug|Any CPU
		{E711A732-393E-40CE-84AA-5391D7FC7624}.Debug|x64.ActiveCfg = Debug|Any CPU
		{E711A732-393E-40CE-84AA-5391D7FC7624}.Debug|x64.Build.0 = Debug|Any CPU
		{E711A732-393E-40CE-84AA-5391D7FC7624}.Debug|x86.ActiveCfg = Debug|Any CPU
		{E711A732-393E-40CE-84AA-5391D7FC7624}.Debug|x86.Build.0 = Debug|Any CPU
		{E711A732-393E-40CE-84AA-5391D7FC7624}.Release|Any CPU.ActiveCfg = Release|Any CPU
		{E711A732-393E-40CE-84AA-5391D7FC7624}.Release|Any CPU.Build.0 = Release|Any CPU
		{E711A732-393E-40CE-84AA-5391D7FC7624}.Release|x64.ActiveCfg = Release|Any CPU
		{E711A732-393E-40CE-84AA-5391D7FC7624}.Release|x64.Build.0 = Release|Any CPU
		{E711A732-393E-40CE-84AA-5391D7FC7624}.Release|x86.ActiveCfg = Release|Any CPU
		{E711A732-393E-40CE-84AA-5391D7FC7624}.Release|x86.Build.0 = Release|Any CPU
		{600B6FE2-C081-4A2A-A2AF-2C9A65E5148F}.Debug|Any CPU.ActiveCfg = Debug|Any CPU
		{600B6FE2-C081-4A2A-A2AF-2C9A65E5148F}.Debug|Any CPU.Build.0 = Debug|Any CPU
		{600B6FE2-C081-4A2A-A2AF-2C9A65E5148F}.Debug|x64.ActiveCfg = Debug|Any CPU
		{600B6FE2-C081-4A2A-A2AF-2C9A65E5148F}.Debug|x64.Build.0 = Debug|Any CPU
		{600B6FE2-C081-4A2A-A2AF-2C9A65E5148F}.Debug|x86.ActiveCfg = Debug|Any CPU
		{600B6FE2-C081-4A2A-A2AF-2C9A65E5148F}.Debug|x86.Build.0 = Debug|Any CPU
		{600B6FE2-C081-4A2A-A2AF-2C9A65E5148F}.Release|Any CPU.ActiveCfg = Release|Any CPU
		{600B6FE2-C081-4A2A-A2AF-2C9A65E5148F}.Release|Any CPU.Build.0 = Release|Any CPU
		{600B6FE2-C081-4A2A-A2AF-2C9A65E5148F}.Release|x64.ActiveCfg = Release|Any CPU
		{600B6FE2-C081-4A2A-A2AF-2C9A65E5148F}.Release|x64.Build.0 = Release|Any CPU
		{600B6FE2-C081-4A2A-A2AF-2C9A65E5148F}.Release|x86.ActiveCfg = Release|Any CPU
		{600B6FE2-C081-4A2A-A2AF-2C9A65E5148F}.Release|x86.Build.0 = Release|Any CPU
		{8F0F4499-CD21-40BC-B1AC-B0D84CC58DCE}.Debug|Any CPU.ActiveCfg = Debug|Any CPU
		{8F0F4499-CD21-40BC-B1AC-B0D84CC58DCE}.Debug|Any CPU.Build.0 = Debug|Any CPU
		{8F0F4499-CD21-40BC-B1AC-B0D84CC58DCE}.Debug|x64.ActiveCfg = Debug|Any CPU
		{8F0F4499-CD21-40BC-B1AC-B0D84CC58DCE}.Debug|x64.Build.0 = Debug|Any CPU
		{8F0F4499-CD21-40BC-B1AC-B0D84CC58DCE}.Debug|x86.ActiveCfg = Debug|Any CPU
		{8F0F4499-CD21-40BC-B1AC-B0D84CC58DCE}.Debug|x86.Build.0 = Debug|Any CPU
		{8F0F4499-CD21-40BC-B1AC-B0D84CC58DCE}.Release|Any CPU.ActiveCfg = Release|Any CPU
		{8F0F4499-CD21-40BC-B1AC-B0D84CC58DCE}.Release|Any CPU.Build.0 = Release|Any CPU
		{8F0F4499-CD21-40BC-B1AC-B0D84CC58DCE}.Release|x64.ActiveCfg = Release|Any CPU
		{8F0F4499-CD21-40BC-B1AC-B0D84CC58DCE}.Release|x64.Build.0 = Release|Any CPU
		{8F0F4499-CD21-40BC-B1AC-B0D84CC58DCE}.Release|x86.ActiveCfg = Release|Any CPU
		{8F0F4499-CD21-40BC-B1AC-B0D84CC58DCE}.Release|x86.Build.0 = Release|Any CPU
		{37409EB2-7748-4F32-9AE9-6252A59ACB88}.Debug|Any CPU.ActiveCfg = Debug|Any CPU
		{37409EB2-7748-4F32-9AE9-6252A59ACB88}.Debug|Any CPU.Build.0 = Debug|Any CPU
		{37409EB2-7748-4F32-9AE9-6252A59ACB88}.Debug|x64.ActiveCfg = Debug|Any CPU
		{37409EB2-7748-4F32-9AE9-6252A59ACB88}.Debug|x64.Build.0 = Debug|Any CPU
		{37409EB2-7748-4F32-9AE9-6252A59ACB88}.Debug|x86.ActiveCfg = Debug|Any CPU
		{37409EB2-7748-4F32-9AE9-6252A59ACB88}.Debug|x86.Build.0 = Debug|Any CPU
		{37409EB2-7748-4F32-9AE9-6252A59ACB88}.Release|Any CPU.ActiveCfg = Release|Any CPU
		{37409EB2-7748-4F32-9AE9-6252A59ACB88}.Release|Any CPU.Build.0 = Release|Any CPU
		{37409EB2-7748-4F32-9AE9-6252A59ACB88}.Release|x64.ActiveCfg = Release|Any CPU
		{37409EB2-7748-4F32-9AE9-6252A59ACB88}.Release|x64.Build.0 = Release|Any CPU
		{37409EB2-7748-4F32-9AE9-6252A59ACB88}.Release|x86.ActiveCfg = Release|Any CPU
		{37409EB2-7748-4F32-9AE9-6252A59ACB88}.Release|x86.Build.0 = Release|Any CPU
		{76D1871D-0791-432A-B62C-742522802843}.Debug|Any CPU.ActiveCfg = Debug|Any CPU
		{76D1871D-0791-432A-B62C-742522802843}.Debug|Any CPU.Build.0 = Debug|Any CPU
		{76D1871D-0791-432A-B62C-742522802843}.Debug|x64.ActiveCfg = Debug|Any CPU
		{76D1871D-0791-432A-B62C-742522802843}.Debug|x64.Build.0 = Debug|Any CPU
		{76D1871D-0791-432A-B62C-742522802843}.Debug|x86.ActiveCfg = Debug|Any CPU
		{76D1871D-0791-432A-B62C-742522802843}.Debug|x86.Build.0 = Debug|Any CPU
		{76D1871D-0791-432A-B62C-742522802843}.Release|Any CPU.ActiveCfg = Release|Any CPU
		{76D1871D-0791-432A-B62C-742522802843}.Release|Any CPU.Build.0 = Release|Any CPU
		{76D1871D-0791-432A-B62C-742522802843}.Release|x64.ActiveCfg = Release|Any CPU
		{76D1871D-0791-432A-B62C-742522802843}.Release|x64.Build.0 = Release|Any CPU
		{76D1871D-0791-432A-B62C-742522802843}.Release|x86.ActiveCfg = Release|Any CPU
		{76D1871D-0791-432A-B62C-742522802843}.Release|x86.Build.0 = Release|Any CPU
		{53C67307-8694-41D6-ACE2-99EFF4A16FF9}.Debug|Any CPU.ActiveCfg = Debug|Any CPU
		{53C67307-8694-41D6-ACE2-99EFF4A16FF9}.Debug|Any CPU.Build.0 = Debug|Any CPU
		{53C67307-8694-41D6-ACE2-99EFF4A16FF9}.Debug|x64.ActiveCfg = Debug|Any CPU
		{53C67307-8694-41D6-ACE2-99EFF4A16FF9}.Debug|x64.Build.0 = Debug|Any CPU
		{53C67307-8694-41D6-ACE2-99EFF4A16FF9}.Debug|x86.ActiveCfg = Debug|Any CPU
		{53C67307-8694-41D6-ACE2-99EFF4A16FF9}.Debug|x86.Build.0 = Debug|Any CPU
		{53C67307-8694-41D6-ACE2-99EFF4A16FF9}.Release|Any CPU.ActiveCfg = Release|Any CPU
		{53C67307-8694-41D6-ACE2-99EFF4A16FF9}.Release|Any CPU.Build.0 = Release|Any CPU
		{53C67307-8694-41D6-ACE2-99EFF4A16FF9}.Release|x64.ActiveCfg = Release|Any CPU
		{53C67307-8694-41D6-ACE2-99EFF4A16FF9}.Release|x64.Build.0 = Release|Any CPU
		{53C67307-8694-41D6-ACE2-99EFF4A16FF9}.Release|x86.ActiveCfg = Release|Any CPU
		{53C67307-8694-41D6-ACE2-99EFF4A16FF9}.Release|x86.Build.0 = Release|Any CPU
		{BCB967F0-2CB3-423A-A2DD-AECCB84E02B5}.Debug|Any CPU.ActiveCfg = Debug|Any CPU
		{BCB967F0-2CB3-423A-A2DD-AECCB84E02B5}.Debug|Any CPU.Build.0 = Debug|Any CPU
		{BCB967F0-2CB3-423A-A2DD-AECCB84E02B5}.Debug|x64.ActiveCfg = Debug|Any CPU
		{BCB967F0-2CB3-423A-A2DD-AECCB84E02B5}.Debug|x64.Build.0 = Debug|Any CPU
		{BCB967F0-2CB3-423A-A2DD-AECCB84E02B5}.Debug|x86.ActiveCfg = Debug|Any CPU
		{BCB967F0-2CB3-423A-A2DD-AECCB84E02B5}.Debug|x86.Build.0 = Debug|Any CPU
		{BCB967F0-2CB3-423A-A2DD-AECCB84E02B5}.Release|Any CPU.ActiveCfg = Release|Any CPU
		{BCB967F0-2CB3-423A-A2DD-AECCB84E02B5}.Release|Any CPU.Build.0 = Release|Any CPU
		{BCB967F0-2CB3-423A-A2DD-AECCB84E02B5}.Release|x64.ActiveCfg = Release|Any CPU
		{BCB967F0-2CB3-423A-A2DD-AECCB84E02B5}.Release|x64.Build.0 = Release|Any CPU
		{BCB967F0-2CB3-423A-A2DD-AECCB84E02B5}.Release|x86.ActiveCfg = Release|Any CPU
		{BCB967F0-2CB3-423A-A2DD-AECCB84E02B5}.Release|x86.Build.0 = Release|Any CPU
		{54E96304-51FE-4CA0-A61C-2C0181C8AD4B}.Debug|Any CPU.ActiveCfg = Debug|Any CPU
		{54E96304-51FE-4CA0-A61C-2C0181C8AD4B}.Debug|Any CPU.Build.0 = Debug|Any CPU
		{54E96304-51FE-4CA0-A61C-2C0181C8AD4B}.Debug|x64.ActiveCfg = Debug|Any CPU
		{54E96304-51FE-4CA0-A61C-2C0181C8AD4B}.Debug|x64.Build.0 = Debug|Any CPU
		{54E96304-51FE-4CA0-A61C-2C0181C8AD4B}.Debug|x86.ActiveCfg = Debug|Any CPU
		{54E96304-51FE-4CA0-A61C-2C0181C8AD4B}.Debug|x86.Build.0 = Debug|Any CPU
		{54E96304-51FE-4CA0-A61C-2C0181C8AD4B}.Release|Any CPU.ActiveCfg = Release|Any CPU
		{54E96304-51FE-4CA0-A61C-2C0181C8AD4B}.Release|Any CPU.Build.0 = Release|Any CPU
		{54E96304-51FE-4CA0-A61C-2C0181C8AD4B}.Release|x64.ActiveCfg = Release|Any CPU
		{54E96304-51FE-4CA0-A61C-2C0181C8AD4B}.Release|x64.Build.0 = Release|Any CPU
		{54E96304-51FE-4CA0-A61C-2C0181C8AD4B}.Release|x86.ActiveCfg = Release|Any CPU
		{54E96304-51FE-4CA0-A61C-2C0181C8AD4B}.Release|x86.Build.0 = Release|Any CPU
		{8B06A899-3AC5-44C7-A357-EF4C23B240C6}.Debug|Any CPU.ActiveCfg = Debug|Any CPU
		{8B06A899-3AC5-44C7-A357-EF4C23B240C6}.Debug|Any CPU.Build.0 = Debug|Any CPU
		{8B06A899-3AC5-44C7-A357-EF4C23B240C6}.Debug|x64.ActiveCfg = Debug|Any CPU
		{8B06A899-3AC5-44C7-A357-EF4C23B240C6}.Debug|x64.Build.0 = Debug|Any CPU
		{8B06A899-3AC5-44C7-A357-EF4C23B240C6}.Debug|x86.ActiveCfg = Debug|Any CPU
		{8B06A899-3AC5-44C7-A357-EF4C23B240C6}.Debug|x86.Build.0 = Debug|Any CPU
		{8B06A899-3AC5-44C7-A357-EF4C23B240C6}.Release|Any CPU.ActiveCfg = Release|Any CPU
		{8B06A899-3AC5-44C7-A357-EF4C23B240C6}.Release|Any CPU.Build.0 = Release|Any CPU
		{8B06A899-3AC5-44C7-A357-EF4C23B240C6}.Release|x64.ActiveCfg = Release|Any CPU
		{8B06A899-3AC5-44C7-A357-EF4C23B240C6}.Release|x64.Build.0 = Release|Any CPU
		{8B06A899-3AC5-44C7-A357-EF4C23B240C6}.Release|x86.ActiveCfg = Release|Any CPU
		{8B06A899-3AC5-44C7-A357-EF4C23B240C6}.Release|x86.Build.0 = Release|Any CPU
		{11A35213-C236-4A73-936B-6F91CA41F639}.Debug|Any CPU.ActiveCfg = Debug|Any CPU
		{11A35213-C236-4A73-936B-6F91CA41F639}.Debug|Any CPU.Build.0 = Debug|Any CPU
		{11A35213-C236-4A73-936B-6F91CA41F639}.Debug|x64.ActiveCfg = Debug|Any CPU
		{11A35213-C236-4A73-936B-6F91CA41F639}.Debug|x64.Build.0 = Debug|Any CPU
		{11A35213-C236-4A73-936B-6F91CA41F639}.Debug|x86.ActiveCfg = Debug|Any CPU
		{11A35213-C236-4A73-936B-6F91CA41F639}.Debug|x86.Build.0 = Debug|Any CPU
		{11A35213-C236-4A73-936B-6F91CA41F639}.Release|Any CPU.ActiveCfg = Release|Any CPU
		{11A35213-C236-4A73-936B-6F91CA41F639}.Release|Any CPU.Build.0 = Release|Any CPU
		{11A35213-C236-4A73-936B-6F91CA41F639}.Release|x64.ActiveCfg = Release|Any CPU
		{11A35213-C236-4A73-936B-6F91CA41F639}.Release|x64.Build.0 = Release|Any CPU
		{11A35213-C236-4A73-936B-6F91CA41F639}.Release|x86.ActiveCfg = Release|Any CPU
		{11A35213-C236-4A73-936B-6F91CA41F639}.Release|x86.Build.0 = Release|Any CPU
		{4FF4E550-4F1E-4C0E-8116-9795F251821E}.Debug|Any CPU.ActiveCfg = Debug|Any CPU
		{4FF4E550-4F1E-4C0E-8116-9795F251821E}.Debug|Any CPU.Build.0 = Debug|Any CPU
		{4FF4E550-4F1E-4C0E-8116-9795F251821E}.Debug|x64.ActiveCfg = Debug|Any CPU
		{4FF4E550-4F1E-4C0E-8116-9795F251821E}.Debug|x64.Build.0 = Debug|Any CPU
		{4FF4E550-4F1E-4C0E-8116-9795F251821E}.Debug|x86.ActiveCfg = Debug|Any CPU
		{4FF4E550-4F1E-4C0E-8116-9795F251821E}.Debug|x86.Build.0 = Debug|Any CPU
		{4FF4E550-4F1E-4C0E-8116-9795F251821E}.Release|Any CPU.ActiveCfg = Release|Any CPU
		{4FF4E550-4F1E-4C0E-8116-9795F251821E}.Release|Any CPU.Build.0 = Release|Any CPU
		{4FF4E550-4F1E-4C0E-8116-9795F251821E}.Release|x64.ActiveCfg = Release|Any CPU
		{4FF4E550-4F1E-4C0E-8116-9795F251821E}.Release|x64.Build.0 = Release|Any CPU
		{4FF4E550-4F1E-4C0E-8116-9795F251821E}.Release|x86.ActiveCfg = Release|Any CPU
		{4FF4E550-4F1E-4C0E-8116-9795F251821E}.Release|x86.Build.0 = Release|Any CPU
		{57A172F1-FD15-48DA-A58C-86F8463EE8E7}.Debug|Any CPU.ActiveCfg = Debug|Any CPU
		{57A172F1-FD15-48DA-A58C-86F8463EE8E7}.Debug|Any CPU.Build.0 = Debug|Any CPU
		{57A172F1-FD15-48DA-A58C-86F8463EE8E7}.Debug|x64.ActiveCfg = Debug|Any CPU
		{57A172F1-FD15-48DA-A58C-86F8463EE8E7}.Debug|x64.Build.0 = Debug|Any CPU
		{57A172F1-FD15-48DA-A58C-86F8463EE8E7}.Debug|x86.ActiveCfg = Debug|Any CPU
		{57A172F1-FD15-48DA-A58C-86F8463EE8E7}.Debug|x86.Build.0 = Debug|Any CPU
		{57A172F1-FD15-48DA-A58C-86F8463EE8E7}.Release|Any CPU.ActiveCfg = Release|Any CPU
		{57A172F1-FD15-48DA-A58C-86F8463EE8E7}.Release|Any CPU.Build.0 = Release|Any CPU
		{57A172F1-FD15-48DA-A58C-86F8463EE8E7}.Release|x64.ActiveCfg = Release|Any CPU
		{57A172F1-FD15-48DA-A58C-86F8463EE8E7}.Release|x64.Build.0 = Release|Any CPU
		{57A172F1-FD15-48DA-A58C-86F8463EE8E7}.Release|x86.ActiveCfg = Release|Any CPU
		{57A172F1-FD15-48DA-A58C-86F8463EE8E7}.Release|x86.Build.0 = Release|Any CPU
		{FE2810D8-9B64-4B7E-9C46-1BAB2BD27E6C}.Debug|Any CPU.ActiveCfg = Debug|Any CPU
		{FE2810D8-9B64-4B7E-9C46-1BAB2BD27E6C}.Debug|Any CPU.Build.0 = Debug|Any CPU
		{FE2810D8-9B64-4B7E-9C46-1BAB2BD27E6C}.Debug|x64.ActiveCfg = Debug|Any CPU
		{FE2810D8-9B64-4B7E-9C46-1BAB2BD27E6C}.Debug|x64.Build.0 = Debug|Any CPU
		{FE2810D8-9B64-4B7E-9C46-1BAB2BD27E6C}.Debug|x86.ActiveCfg = Debug|Any CPU
		{FE2810D8-9B64-4B7E-9C46-1BAB2BD27E6C}.Debug|x86.Build.0 = Debug|Any CPU
		{FE2810D8-9B64-4B7E-9C46-1BAB2BD27E6C}.Release|Any CPU.ActiveCfg = Release|Any CPU
		{FE2810D8-9B64-4B7E-9C46-1BAB2BD27E6C}.Release|Any CPU.Build.0 = Release|Any CPU
		{FE2810D8-9B64-4B7E-9C46-1BAB2BD27E6C}.Release|x64.ActiveCfg = Release|Any CPU
		{FE2810D8-9B64-4B7E-9C46-1BAB2BD27E6C}.Release|x64.Build.0 = Release|Any CPU
		{FE2810D8-9B64-4B7E-9C46-1BAB2BD27E6C}.Release|x86.ActiveCfg = Release|Any CPU
		{FE2810D8-9B64-4B7E-9C46-1BAB2BD27E6C}.Release|x86.Build.0 = Release|Any CPU
		{C8AEB9B7-AF3A-4178-9790-47972CDD77A5}.Debug|Any CPU.ActiveCfg = Debug|Any CPU
		{C8AEB9B7-AF3A-4178-9790-47972CDD77A5}.Debug|Any CPU.Build.0 = Debug|Any CPU
		{C8AEB9B7-AF3A-4178-9790-47972CDD77A5}.Debug|x64.ActiveCfg = Debug|Any CPU
		{C8AEB9B7-AF3A-4178-9790-47972CDD77A5}.Debug|x64.Build.0 = Debug|Any CPU
		{C8AEB9B7-AF3A-4178-9790-47972CDD77A5}.Debug|x86.ActiveCfg = Debug|Any CPU
		{C8AEB9B7-AF3A-4178-9790-47972CDD77A5}.Debug|x86.Build.0 = Debug|Any CPU
		{C8AEB9B7-AF3A-4178-9790-47972CDD77A5}.Release|Any CPU.ActiveCfg = Release|Any CPU
		{C8AEB9B7-AF3A-4178-9790-47972CDD77A5}.Release|Any CPU.Build.0 = Release|Any CPU
		{C8AEB9B7-AF3A-4178-9790-47972CDD77A5}.Release|x64.ActiveCfg = Release|Any CPU
		{C8AEB9B7-AF3A-4178-9790-47972CDD77A5}.Release|x64.Build.0 = Release|Any CPU
		{C8AEB9B7-AF3A-4178-9790-47972CDD77A5}.Release|x86.ActiveCfg = Release|Any CPU
		{C8AEB9B7-AF3A-4178-9790-47972CDD77A5}.Release|x86.Build.0 = Release|Any CPU
		{08DA1BF3-CD4B-464F-ABF8-994B54BB4D5B}.Debug|Any CPU.ActiveCfg = Debug|Any CPU
		{08DA1BF3-CD4B-464F-ABF8-994B54BB4D5B}.Debug|Any CPU.Build.0 = Debug|Any CPU
		{08DA1BF3-CD4B-464F-ABF8-994B54BB4D5B}.Debug|x64.ActiveCfg = Debug|Any CPU
		{08DA1BF3-CD4B-464F-ABF8-994B54BB4D5B}.Debug|x64.Build.0 = Debug|Any CPU
		{08DA1BF3-CD4B-464F-ABF8-994B54BB4D5B}.Debug|x86.ActiveCfg = Debug|Any CPU
		{08DA1BF3-CD4B-464F-ABF8-994B54BB4D5B}.Debug|x86.Build.0 = Debug|Any CPU
		{08DA1BF3-CD4B-464F-ABF8-994B54BB4D5B}.Release|Any CPU.ActiveCfg = Release|Any CPU
		{08DA1BF3-CD4B-464F-ABF8-994B54BB4D5B}.Release|Any CPU.Build.0 = Release|Any CPU
		{08DA1BF3-CD4B-464F-ABF8-994B54BB4D5B}.Release|x64.ActiveCfg = Release|Any CPU
		{08DA1BF3-CD4B-464F-ABF8-994B54BB4D5B}.Release|x64.Build.0 = Release|Any CPU
		{08DA1BF3-CD4B-464F-ABF8-994B54BB4D5B}.Release|x86.ActiveCfg = Release|Any CPU
		{08DA1BF3-CD4B-464F-ABF8-994B54BB4D5B}.Release|x86.Build.0 = Release|Any CPU
		{5E0CE1AD-857C-4894-8AAD-1347EC3E550D}.Debug|Any CPU.ActiveCfg = Debug|Any CPU
		{5E0CE1AD-857C-4894-8AAD-1347EC3E550D}.Debug|Any CPU.Build.0 = Debug|Any CPU
		{5E0CE1AD-857C-4894-8AAD-1347EC3E550D}.Debug|x64.ActiveCfg = Debug|Any CPU
		{5E0CE1AD-857C-4894-8AAD-1347EC3E550D}.Debug|x64.Build.0 = Debug|Any CPU
		{5E0CE1AD-857C-4894-8AAD-1347EC3E550D}.Debug|x86.ActiveCfg = Debug|Any CPU
		{5E0CE1AD-857C-4894-8AAD-1347EC3E550D}.Debug|x86.Build.0 = Debug|Any CPU
		{5E0CE1AD-857C-4894-8AAD-1347EC3E550D}.Release|Any CPU.ActiveCfg = Release|Any CPU
		{5E0CE1AD-857C-4894-8AAD-1347EC3E550D}.Release|Any CPU.Build.0 = Release|Any CPU
		{5E0CE1AD-857C-4894-8AAD-1347EC3E550D}.Release|x64.ActiveCfg = Release|Any CPU
		{5E0CE1AD-857C-4894-8AAD-1347EC3E550D}.Release|x64.Build.0 = Release|Any CPU
		{5E0CE1AD-857C-4894-8AAD-1347EC3E550D}.Release|x86.ActiveCfg = Release|Any CPU
		{5E0CE1AD-857C-4894-8AAD-1347EC3E550D}.Release|x86.Build.0 = Release|Any CPU
		{8FAC20EA-F489-4C5A-9CB9-8D352E24763D}.Debug|Any CPU.ActiveCfg = Debug|Any CPU
		{8FAC20EA-F489-4C5A-9CB9-8D352E24763D}.Debug|Any CPU.Build.0 = Debug|Any CPU
		{8FAC20EA-F489-4C5A-9CB9-8D352E24763D}.Debug|x64.ActiveCfg = Debug|Any CPU
		{8FAC20EA-F489-4C5A-9CB9-8D352E24763D}.Debug|x64.Build.0 = Debug|Any CPU
		{8FAC20EA-F489-4C5A-9CB9-8D352E24763D}.Debug|x86.ActiveCfg = Debug|Any CPU
		{8FAC20EA-F489-4C5A-9CB9-8D352E24763D}.Debug|x86.Build.0 = Debug|Any CPU
		{8FAC20EA-F489-4C5A-9CB9-8D352E24763D}.Release|Any CPU.ActiveCfg = Release|Any CPU
		{8FAC20EA-F489-4C5A-9CB9-8D352E24763D}.Release|Any CPU.Build.0 = Release|Any CPU
		{8FAC20EA-F489-4C5A-9CB9-8D352E24763D}.Release|x64.ActiveCfg = Release|Any CPU
		{8FAC20EA-F489-4C5A-9CB9-8D352E24763D}.Release|x64.Build.0 = Release|Any CPU
		{8FAC20EA-F489-4C5A-9CB9-8D352E24763D}.Release|x86.ActiveCfg = Release|Any CPU
		{8FAC20EA-F489-4C5A-9CB9-8D352E24763D}.Release|x86.Build.0 = Release|Any CPU
		{71BB76AB-CAF5-41C9-8FAD-8B7889CB644B}.Debug|Any CPU.ActiveCfg = Debug|Any CPU
		{71BB76AB-CAF5-41C9-8FAD-8B7889CB644B}.Debug|Any CPU.Build.0 = Debug|Any CPU
		{71BB76AB-CAF5-41C9-8FAD-8B7889CB644B}.Debug|x64.ActiveCfg = Debug|Any CPU
		{71BB76AB-CAF5-41C9-8FAD-8B7889CB644B}.Debug|x64.Build.0 = Debug|Any CPU
		{71BB76AB-CAF5-41C9-8FAD-8B7889CB644B}.Debug|x86.ActiveCfg = Debug|Any CPU
		{71BB76AB-CAF5-41C9-8FAD-8B7889CB644B}.Debug|x86.Build.0 = Debug|Any CPU
		{71BB76AB-CAF5-41C9-8FAD-8B7889CB644B}.Release|Any CPU.ActiveCfg = Release|Any CPU
		{71BB76AB-CAF5-41C9-8FAD-8B7889CB644B}.Release|Any CPU.Build.0 = Release|Any CPU
		{71BB76AB-CAF5-41C9-8FAD-8B7889CB644B}.Release|x64.ActiveCfg = Release|Any CPU
		{71BB76AB-CAF5-41C9-8FAD-8B7889CB644B}.Release|x64.Build.0 = Release|Any CPU
		{71BB76AB-CAF5-41C9-8FAD-8B7889CB644B}.Release|x86.ActiveCfg = Release|Any CPU
		{71BB76AB-CAF5-41C9-8FAD-8B7889CB644B}.Release|x86.Build.0 = Release|Any CPU
		{A90FA198-5A89-4DED-8F9E-EE7F15DBAE70}.Debug|Any CPU.ActiveCfg = Debug|Any CPU
		{A90FA198-5A89-4DED-8F9E-EE7F15DBAE70}.Debug|Any CPU.Build.0 = Debug|Any CPU
		{A90FA198-5A89-4DED-8F9E-EE7F15DBAE70}.Debug|x64.ActiveCfg = Debug|Any CPU
		{A90FA198-5A89-4DED-8F9E-EE7F15DBAE70}.Debug|x64.Build.0 = Debug|Any CPU
		{A90FA198-5A89-4DED-8F9E-EE7F15DBAE70}.Debug|x86.ActiveCfg = Debug|Any CPU
		{A90FA198-5A89-4DED-8F9E-EE7F15DBAE70}.Debug|x86.Build.0 = Debug|Any CPU
		{A90FA198-5A89-4DED-8F9E-EE7F15DBAE70}.Release|Any CPU.ActiveCfg = Release|Any CPU
		{A90FA198-5A89-4DED-8F9E-EE7F15DBAE70}.Release|Any CPU.Build.0 = Release|Any CPU
		{A90FA198-5A89-4DED-8F9E-EE7F15DBAE70}.Release|x64.ActiveCfg = Release|Any CPU
		{A90FA198-5A89-4DED-8F9E-EE7F15DBAE70}.Release|x64.Build.0 = Release|Any CPU
		{A90FA198-5A89-4DED-8F9E-EE7F15DBAE70}.Release|x86.ActiveCfg = Release|Any CPU
		{A90FA198-5A89-4DED-8F9E-EE7F15DBAE70}.Release|x86.Build.0 = Release|Any CPU
	EndGlobalSection
	GlobalSection(SolutionProperties) = preSolution
		HideSolutionNode = FALSE
	EndGlobalSection
	GlobalSection(NestedProjects) = preSolution
		{284C4AAA-2FED-4879-9027-2DC691FEE3A2} = {02EA681E-C7D8-13C7-8484-4AC65E1B71E8}
		{A29F72EA-F2CB-4A58-B8D1-E5437F5AEACF} = {02EA681E-C7D8-13C7-8484-4AC65E1B71E8}
		{A3E39B73-1B0C-4949-943F-4F37C1605CF7} = {02EA681E-C7D8-13C7-8484-4AC65E1B71E8}
		{9D796510-1398-4D07-94B0-80547DACABE6} = {02EA681E-C7D8-13C7-8484-4AC65E1B71E8}
		{E32A0874-820D-4C95-9597-6009F0E5F4D3} = {02EA681E-C7D8-13C7-8484-4AC65E1B71E8}
		{21C001DB-C554-4CED-9887-90D4000DE5D7} = {6AEF2B5E-4EE3-4397-9B02-A4CF9654C253}
		{09677DBA-E8BA-4220-847F-18CF7562E724} = {6AEF2B5E-4EE3-4397-9B02-A4CF9654C253}
		{F5725429-F09F-48E3-999A-4D3AEF07C31F} = {6AEF2B5E-4EE3-4397-9B02-A4CF9654C253}
		{79AFEF40-0C5D-4106-9E08-57AC6926DDBC} = {6AEF2B5E-4EE3-4397-9B02-A4CF9654C253}
		{E711A732-393E-40CE-84AA-5391D7FC7624} = {6AEF2B5E-4EE3-4397-9B02-A4CF9654C253}
		{600B6FE2-C081-4A2A-A2AF-2C9A65E5148F} = {6AEF2B5E-4EE3-4397-9B02-A4CF9654C253}
		{8F0F4499-CD21-40BC-B1AC-B0D84CC58DCE} = {035454C5-4D56-40D3-B63D-4738C020BA5F}
		{37409EB2-7748-4F32-9AE9-6252A59ACB88} = {035454C5-4D56-40D3-B63D-4738C020BA5F}
		{76D1871D-0791-432A-B62C-742522802843} = {035454C5-4D56-40D3-B63D-4738C020BA5F}
		{53C67307-8694-41D6-ACE2-99EFF4A16FF9} = {035454C5-4D56-40D3-B63D-4738C020BA5F}
		{BCB967F0-2CB3-423A-A2DD-AECCB84E02B5} = {035454C5-4D56-40D3-B63D-4738C020BA5F}
		{54E96304-51FE-4CA0-A61C-2C0181C8AD4B} = {035454C5-4D56-40D3-B63D-4738C020BA5F}
		{8B06A899-3AC5-44C7-A357-EF4C23B240C6} = {035454C5-4D56-40D3-B63D-4738C020BA5F}
		{11A35213-C236-4A73-936B-6F91CA41F639} = {611CFCB2-1E75-4638-A219-9179005EF225}
		{4FF4E550-4F1E-4C0E-8116-9795F251821E} = {611CFCB2-1E75-4638-A219-9179005EF225}
		{57A172F1-FD15-48DA-A58C-86F8463EE8E7} = {611CFCB2-1E75-4638-A219-9179005EF225}
		{FE2810D8-9B64-4B7E-9C46-1BAB2BD27E6C} = {611CFCB2-1E75-4638-A219-9179005EF225}
		{C8AEB9B7-AF3A-4178-9790-47972CDD77A5} = {611CFCB2-1E75-4638-A219-9179005EF225}
		{08DA1BF3-CD4B-464F-ABF8-994B54BB4D5B} = {611CFCB2-1E75-4638-A219-9179005EF225}
		{5E0CE1AD-857C-4894-8AAD-1347EC3E550D} = {611CFCB2-1E75-4638-A219-9179005EF225}
		{8FAC20EA-F489-4C5A-9CB9-8D352E24763D} = {611CFCB2-1E75-4638-A219-9179005EF225}
		{A90FA198-5A89-4DED-8F9E-EE7F15DBAE70} = {611CFCB2-1E75-4638-A219-9179005EF225}
	EndGlobalSection
	GlobalSection(ExtensibilityGlobals) = postSolution
		SolutionGuid = {891BF969-426D-4F06-B377-8EB0E9474517}
	EndGlobalSection
EndGlobal
