
Microsoft Visual Studio Solution File, Format Version 12.00
# Visual Studio Version 17
VisualStudioVersion = 17.14.37111.16
MinimumVisualStudioVersion = 10.0.40219.1
Project("{FAE04EC0-301F-11D3-BF4B-00C04F79EFBC}") = "01-MsgBox", "SP P-43\01-MsgBox.csproj", "{284C4AAA-2FED-4879-9027-2DC691FEE3A2}"
EndProject
Project("{FAE04EC0-301F-11D3-BF4B-00C04F79EFBC}") = "02 - PInvoke Find Window", "02 - PInvole Find Window\02 - PInvoke Find Window.csproj", "{A29F72EA-F2CB-4A58-B8D1-E5437F5AEACF}"
EndProject
Project("{2150E333-8FDC-42A3-9474-1A3956D46DE8}") = "01-P Invoke", "01-P Invoke", "{02EA681E-C7D8-13C7-8484-4AC65E1B71E8}"
EndProject
Project("{8BC9CEB8-8B4A-11D0-8D11-00A0C91BC942}") = "User Func project", "User Func project\User Func project.vcxproj", "{A3E39B73-1B0C-4949-943F-4F37C1605CF7}"
EndProject
Project("{FAE04EC0-301F-11D3-BF4B-00C04F79EFBC}") = "03-Pinvoke user func", "03-Pinvoke user func\03-Pinvoke user func.csproj", "{9D796510-1398-4D07-94B0-80547DACABE6}"
EndProject
Project("{FAE04EC0-301F-11D3-BF4B-00C04F79EFBC}") = "02 -Find window (simple)", "02 -Find window (simple)\02 -Find window (simple).csproj", "{E32A0874-820D-4C95-9597-6009F0E5F4D3}"
EndProject
Project("{2150E333-8FDC-42A3-9474-1A3956D46DE8}") = "02-Processes", "02-Processes", "{6AEF2B5E-4EE3-4397-9B02-A4CF9654C253}"
EndProject
Project("{FAE04EC0-301F-11D3-BF4B-00C04F79EFBC}") = "01-List of processes", "01-List of processes\01-List of processes.csproj", "{21C001DB-C554-4CED-9887-90D4000DE5D7}"
EndProject
Project("{FAE04EC0-301F-11D3-BF4B-00C04F79EFBC}") = "02-Create process", "02-Create process\02-Create process.csproj", "{09677DBA-E8BA-4220-847F-18CF7562E724}"
EndProject
Project("{FAE04EC0-301F-11D3-BF4B-00C04F79EFBC}") = "WF Processes", "WF Processes\WF Processes.csproj", "{F5725429-F09F-48E3-999A-4D3AEF07C31F}"
EndProject
Project("{FAE04EC0-301F-11D3-BF4B-00C04F79EFBC}") = "03-close and kill process", "03-close and kill process\03-close and kill process.csproj", "{79AFEF40-0C5D-4106-9E08-57AC6926DDBC}"
EndProject
Project("{FAE04EC0-301F-11D3-BF4B-00C04F79EFBC}") = "child-process", "child-process\child-process.csproj", "{E711A732-393E-40CE-84AA-5391D7FC7624}"
EndProject
Project("{FAE04EC0-301F-11D3-BF4B-00C04F79EFBC}") = "04- parent process", "04- parent process\04- parent process.csproj", "{600B6FE2-C081-4A2A-A2AF-2C9A65E5148F}"
EndProject
Project("{2150E333-8FDC-42A3-9474-1A3956D46DE8}") = "03-Threads", "03-Threads", "{035454C5-4D56-40D3-B63D-4738C020BA5F}"
EndProject
Project("{FAE04EC0-301F-11D3-BF4B-00C04F79EFBC}") = "01-Thread", "01-Thread\01-Thread.csproj", "{8F0F4499-CD21-40BC-B1AC-B0D84CC58DCE}"
EndProject
Project("{FAE04EC0-301F-11D3-BF4B-00C04F79EFBC}") = "02-Thread", "02-Thread\02-Thread.csproj", "{37409EB2-7748-4F32-9AE9-6252A59ACB88}"
EndProject
Project("{FAE04EC0-301F-11D3-BF4B-00C04F79EFBC}") = "03-Thread with data", "03-Thread with data\03-Thread with data.csproj", "{76D1871D-0791-432A-B62C-742522802843}"
EndProject
Project("{FAE04EC0-301F-11D3-BF4B-00C04F79EFBC}") = "04-Threads (sync colors)", "04-Threads (sync colors)\04-Threads (sync colors).csproj", "{53C67307-8694-41D6-ACE2-99EFF4A16FF9}"
EndProject
Project("{FAE04EC0-301F-11D3-BF4B-00C04F79EFBC}") = "05-Array of threads", "04-Array of threds\05-Array of threads.csproj", "{BCB967F0-2CB3-423A-A2DD-AECCB84E02B5}"
EndProject
Project("{FAE04EC0-301F-11D3-BF4B-00C04F79EFBC}") = "06-Threads (working with data array)", "06-Threads (working with data array)\06-Threads (working with data array).csproj", "{54E96304-51FE-4CA0-A61C-2C0181C8AD4B}"
EndProject
Project("{FAE04EC0-301F-11D3-BF4B-00C04F79EFBC}") = "07-Thread WF (letters)", "07-Thread WF (letters)\07-Thread WF (letters).csproj", "{8B06A899-3AC5-44C7-A357-EF4C23B240C6}"
EndProject
Project("{2150E333-8FDC-42A3-9474-1A3956D46DE8}") = "04-Sync of threads", "04-Sync of threads", "{611CFCB2-1E75-4638-A219-9179005EF225}"
EndProject
Project("{FAE04EC0-301F-11D3-BF4B-00C04F79EFBC}") = "00-Race condition", "00-Race condition\00-Race condition.csproj", "{11A35213-C236-4A73-936B-6F91CA41F639}"
EndProject
Project("{FAE04EC0-301F-11D3-BF4B-00C04F79EFBC}") = "01-sync lock", "01-sync lock\01-sync lock.csproj", "{4FF4E550-4F1E-4C0E-8116-9795F251821E}"
EndProject
Project("{FAE04EC0-301F-11D3-BF4B-00C04F79EFBC}") = "02-Interlock", "02-Interlock\02-Interlock.csproj", "{57A172F1-FD15-48DA-A58C-86F8463EE8E7}"
EndProject
Project("{FAE04EC0-301F-11D3-BF4B-00C04F79EFBC}") = "04-01-Mutex", "04-Mutex\04-01-Mutex.csproj", "{FE2810D8-9B64-4B7E-9C46-1BAB2BD27E6C}"
EndProject
Project("{FAE04EC0-301F-11D3-BF4B-00C04F79EFBC}") = "04-02-Interprocess Mutex", "04-02 Interprocess Mutex\04-02-Interprocess Mutex.csproj", "{C8AEB9B7-AF3A-4178-9790-47972CDD77A5}"
EndProject
Project("{FAE04EC0-301F-11D3-BF4B-00C04F79EFBC}") = "05-Semaphor", "05-Semaphor\05-Semaphor.csproj", "{08DA1BF3-CD4B-464F-ABF8-994B54BB4D5B}"
EndProject
Project("{FAE04EC0-301F-11D3-BF4B-00C04F79EFBC}") = "06_Semaphore Slim", "06_Semaphore Slim\06_Semaphore Slim.csproj", "{5E0CE1AD-857C-4894-8AAD-1347EC3E550D}"
EndProject
Project("{FAE04EC0-301F-11D3-BF4B-00C04F79EFBC}") = "07_Monitor", "07_Monitor\07_Monitor.csproj", "{8FAC20EA-F489-4C5A-9CB9-8D352E24763D}"
EndProject
Project("{FAE04EC0-301F-11D3-BF4B-00C04F79EFBC}") = "08-Monitor (Wait-Pulse)", "08-Monitor (Wait-Pulse)\08-Monitor (Wait-Pulse).csproj", "{71BB76AB-CAF5-41C9-8FAD-8B7889CB644B}"
EndProject
Project("{FAE04EC0-301F-11D3-BF4B-00C04F79EFBC}") = "09-Monitor (product-consumer)", "09-Monitor (product-consumer)\09-Monitor (product-consumer).csproj", "{A90FA198-5A89-4DED-8F9E-EE7F15DBAE70}"
EndProject
Project("{2150E333-8FDC-42A3-9474-1A3956D46DE8}") = "05-Reset Events", "05-Reset Events", "{BCEBE707-386E-4130-9FFC-3E68AD46293B}"
EndProject
Project("{FAE04EC0-301F-11D3-BF4B-00C04F79EFBC}") = "01-Manual Reset Event", "01-Manual Reset Event\01-Manual Reset Event.csproj", "{BE73CB9C-BB6E-4E10-BCA0-2733E0933FB6}"
EndProject
Project("{FAE04EC0-301F-11D3-BF4B-00C04F79EFBC}") = "02-ManualReset event", "02-ManualReset event\02-ManualReset event.csproj", "{7E1587E1-0BC2-4F4F-B461-F7DD5FFBD717}"
EndProject
Project("{FAE04EC0-301F-11D3-BF4B-00C04F79EFBC}") = "03-ManualReset (files)", "03-ManualReset (files)\03-ManualReset (files).csproj", "{7658C426-3924-42C5-A129-9A735786B799}"
EndProject
Project("{FAE04EC0-301F-11D3-BF4B-00C04F79EFBC}") = "04-ManualREset event (2 mre, files)", "04-ManualREset event (2 mre, files)\04-ManualREset event (2 mre, files).csproj", "{BBAACABF-D7F1-497E-9037-4FBEC1193696}"
EndProject
Project("{FAE04EC0-301F-11D3-BF4B-00C04F79EFBC}") = "05-AutoReset Event", "05-AutoReset Event\05-AutoReset Event.csproj", "{C3903C60-5698-403A-82EE-35B09B798AD7}"
EndProject
Project("{2150E333-8FDC-42A3-9474-1A3956D46DE8}") = "06-Concurrent collections", "06-Concurrent collections", "{3EB6AC3E-80D0-46B5-90E1-05A5C67E4C47}"
EndProject
Project("{FAE04EC0-301F-11D3-BF4B-00C04F79EFBC}") = "01-Concurrent Queue", "01-Concurrent Queue\01-Concurrent Queue.csproj", "{B5E6FFD0-E07A-4098-A446-32FDDBD154B6}"
EndProject
Project("{FAE04EC0-301F-11D3-BF4B-00C04F79EFBC}") = "02-Concurrent Stack", "02-Concurrent Stack\02-Concurrent Stack.csproj", "{8CE6198C-B1AF-471D-A1B6-0BA31E3401A6}"
EndProject
Project("{FAE04EC0-301F-11D3-BF4B-00C04F79EFBC}") = "03-ConcurrentBag", "03-ConcurrentBag\03-ConcurrentBag.csproj", "{00F12EED-43A4-4D91-B352-1AF84FBCDD09}"
EndProject
Project("{FAE04EC0-301F-11D3-BF4B-00C04F79EFBC}") = "04-ConcurrentDictionary", "04-ConcurrentDictionary\04-ConcurrentDictionary.csproj", "{B9EC5515-EA38-4D39-A1EC-28053AB92EEC}"
EndProject
Project("{2150E333-8FDC-42A3-9474-1A3956D46DE8}") = "06-1 Thread Pool", "06-1 Thread Pool", "{95ED13CC-5962-4722-8A6E-AC1713B41A7D}"
EndProject
Project("{FAE04EC0-301F-11D3-BF4B-00C04F79EFBC}") = "01-Thread Pool", "01-Thread Pool\01-Thread Pool.csproj", "{E28A8A7E-268A-4B12-8062-7423ECF49A56}"
EndProject
Project("{FAE04EC0-301F-11D3-BF4B-00C04F79EFBC}") = "02-Thread Pool (benchmark)", "02-Thread Pool (benchmark)\02-Thread Pool (benchmark).csproj", "{16F95C4A-518C-4313-BD39-B18116F2C0D9}"
EndProject
Project("{FAE04EC0-301F-11D3-BF4B-00C04F79EFBC}") = "06-CountDown", "06-CountDown\06-CountDown.csproj", "{80D6C23E-5C1E-424C-B893-CB64642C44DB}"
EndProject
Project("{FAE04EC0-301F-11D3-BF4B-00C04F79EFBC}") = "00-ConsoleApp1", "ConsoleApp1\00-ConsoleApp1.csproj", "{D17698BF-1A97-4CF7-ACE4-5E6E8B2E6B90}"
EndProject
Project("{2150E333-8FDC-42A3-9474-1A3956D46DE8}") = "07-Tasks", "07-Tasks", "{B910C889-0620-4388-B031-ECEAB373D7D5}"
EndProject
Project("{FAE04EC0-301F-11D3-BF4B-00C04F79EFBC}") = "00-Long operation (WF)", "00-Long operation (WF)\00-Long operation (WF).csproj", "{400D5ED3-DF5C-4C08-837C-7513F2DE9AC9}"
EndProject
Project("{FAE04EC0-301F-11D3-BF4B-00C04F79EFBC}") = "02-ThreadPool vs Task", "02-ThreadPool vs Task\02-ThreadPool vs Task.csproj", "{F3F9DBF9-CB77-46DE-A411-E3C64DB70A15}"
EndProject
Project("{FAE04EC0-301F-11D3-BF4B-00C04F79EFBC}") = "01-Thread vs Task", "01-Thread vs Task\01-Thread vs Task.csproj", "{FDAC420B-84F5-4CA5-A24C-C0531E4BD5F6}"
EndProject
Project("{FAE04EC0-301F-11D3-BF4B-00C04F79EFBC}") = "03-Task Start (diff ways)", "03-Task Start (diff ways)\03-Task Start (diff ways).csproj", "{C5F932F0-4134-4EE7-A49F-5BE71053C6DB}"
EndProject
Project("{FAE04EC0-301F-11D3-BF4B-00C04F79EFBC}") = "04-Task factory", "04-Task factory\04-Task factory.csproj", "{F69F1562-9E84-4C82-BDFA-22AFFF9CD9D3}"
EndProject
Project("{FAE04EC0-301F-11D3-BF4B-00C04F79EFBC}") = "05-Task factory (several tasks)", "05-Task factory (several tasks)\05-Task factory (several tasks).csproj", "{58B01D7A-3187-4905-BAA1-AC88F9765888}"
EndProject
Project("{FAE04EC0-301F-11D3-BF4B-00C04F79EFBC}") = "06-several tasks", "06-several tasks\06-several tasks.csproj", "{035558B6-8166-4A0F-B14D-AF1443ED715A}"
EndProject
Project("{FAE04EC0-301F-11D3-BF4B-00C04F79EFBC}") = "07-Continuation task", "07-Continuation task\07-Continuation task.csproj", "{93C62874-BB4D-4423-9571-37F207901B1F}"
EndProject
Project("{FAE04EC0-301F-11D3-BF4B-00C04F79EFBC}") = "08-Exception in tasks", "08-Exception in tasks\08-Exception in tasks.csproj", "{AF2538E8-577A-4634-BEB9-AFC33FB95359}"
EndProject
Project("{FAE04EC0-301F-11D3-BF4B-00C04F79EFBC}") = "09- Cancellation token", "09- Cancellation token\09- Cancellation token.csproj", "{D72099B3-3109-401E-8491-BEAB4C9A6F31}"
EndProject
Project("{FAE04EC0-301F-11D3-BF4B-00C04F79EFBC}") = "06-02 WF-Several tasks", "06-02 WF-Several tasks\06-02 WF-Several tasks.csproj", "{D92056BB-5A2E-4B92-AE87-B28459BBB3AB}"
EndProject
Project("{FAE04EC0-301F-11D3-BF4B-00C04F79EFBC}") = "Task- Coffee example (async)", "Task- Coffee example\Task- Coffee example (async).csproj", "{5E79C524-CEB8-4BF8-91F9-1F1B476AD94F}"
EndProject
Global
	GlobalSection(SolutionConfigurationPlatforms) = preSolution
		Debug|Any CPU = Debug|Any CPU
		Debug|x64 = Debug|x64
		Debug|x86 = Debug|x86
		Release|Any CPU = Release|Any CPU
		Release|x64 = Release|x64
		Release|x86 = Release|x86
	EndGlobalSection
	GlobalSection(ProjectConfigurationPlatforms) = postSolution
		{284C4AAA-2FED-4879-9027-2DC691FEE3A2}.Debug|Any CPU.ActiveCfg = Debug|Any CPU
		{284C4AAA-2FED-4879-9027-2DC691FEE3A2}.Debug|Any CPU.Build.0 = Debug|Any CPU
		{284C4AAA-2FED-4879-9027-2DC691FEE3A2}.Debug|x64.ActiveCfg = Debug|Any CPU
		{284C4AAA-2FED-4879-9027-2DC691FEE3A2}.Debug|x64.Build.0 = Debug|Any CPU
		{284C4AAA-2FED-4879-9027-2DC691FEE3A2}.Debug|x86.ActiveCfg = Debug|Any CPU
		{284C4AAA-2FED-4879-9027-2DC691FEE3A2}.Debug|x86.Build.0 = Debug|Any CPU
		{284C4AAA-2FED-4879-9027-2DC691FEE3A2}.Release|Any CPU.ActiveCfg = Release|Any CPU
		{284C4AAA-2FED-4879-9027-2DC691FEE3A2}.Release|Any CPU.Build.0 = Release|Any CPU
		{284C4AAA-2FED-4879-9027-2DC691FEE3A2}.Release|x64.ActiveCfg = Release|Any CPU
		{284C4AAA-2FED-4879-9027-2DC691FEE3A2}.Release|x64.Build.0 = Release|Any CPU
		{284C4AAA-2FED-4879-9027-2DC691FEE3A2}.Release|x86.ActiveCfg = Release|Any CPU
		{284C4AAA-2FED-4879-9027-2DC691FEE3A2}.Release|x86.Build.0 = Release|Any CPU
		{A29F72EA-F2CB-4A58-B8D1-E5437F5AEACF}.Debug|Any CPU.ActiveCfg = Debug|Any CPU
		{A29F72EA-F2CB-4A58-B8D1-E5437F5AEACF}.Debug|Any CPU.Build.0 = Debug|Any CPU
		{A29F72EA-F2CB-4A58-B8D1-E5437F5AEACF}.Debug|x64.ActiveCfg = Debug|Any CPU
		{A29F72EA-F2CB-4A58-B8D1-E5437F5AEACF}.Debug|x64.Build.0 = Debug|Any CPU
		{A29F72EA-F2CB-4A58-B8D1-E5437F5AEACF}.Debug|x86.ActiveCfg = Debug|Any CPU
		{A29F72EA-F2CB-4A58-B8D1-E5437F5AEACF}.Debug|x86.Build.0 = Debug|Any CPU
		{A29F72EA-F2CB-4A58-B8D1-E5437F5AEACF}.Release|Any CPU.ActiveCfg = Release|Any CPU
		{A29F72EA-F2CB-4A58-B8D1-E5437F5AEACF}.Release|Any CPU.Build.0 = Release|Any CPU
		{A29F72EA-F2CB-4A58-B8D1-E5437F5AEACF}.Release|x64.ActiveCfg = Release|Any CPU
		{A29F72EA-F2CB-4A58-B8D1-E5437F5AEACF}.Release|x64.Build.0 = Release|Any CPU
		{A29F72EA-F2CB-4A58-B8D1-E5437F5AEACF}.Release|x86.ActiveCfg = Release|Any CPU
		{A29F72EA-F2CB-4A58-B8D1-E5437F5AEACF}.Release|x86.Build.0 = Release|Any CPU
		{A3E39B73-1B0C-4949-943F-4F37C1605CF7}.Debug|Any CPU.ActiveCfg = Debug|x64
		{A3E39B73-1B0C-4949-943F-4F37C1605CF7}.Debug|Any CPU.Build.0 = Debug|x64
		{A3E39B73-1B0C-4949-943F-4F37C1605CF7}.Debug|x64.ActiveCfg = Debug|x64
		{A3E39B73-1B0C-4949-943F-4F37C1605CF7}.Debug|x64.Build.0 = Debug|x64
		{A3E39B73-1B0C-4949-943F-4F37C1605CF7}.Debug|x86.ActiveCfg = Debug|Win32
		{A3E39B73-1B0C-4949-943F-4F37C1605CF7}.Debug|x86.Build.0 = Debug|Win32
		{A3E39B73-1B0C-4949-943F-4F37C1605CF7}.Release|Any CPU.ActiveCfg = Release|x64
		{A3E39B73-1B0C-4949-943F-4F37C1605CF7}.Release|Any CPU.Build.0 = Release|x64
		{A3E39B73-1B0C-4949-943F-4F37C1605CF7}.Release|x64.ActiveCfg = Release|x64
		{A3E39B73-1B0C-4949-943F-4F37C1605CF7}.Release|x64.Build.0 = Release|x64
		{A3E39B73-1B0C-4949-943F-4F37C1605CF7}.Release|x86.ActiveCfg = Release|Win32
		{A3E39B73-1B0C-4949-943F-4F37C1605CF7}.Release|x86.Build.0 = Release|Win32
		{9D796510-1398-4D07-94B0-80547DACABE6}.Debug|Any CPU.ActiveCfg = Debug|Any CPU
		{9D796510-1398-4D07-94B0-80547DACABE6}.Debug|Any CPU.Build.0 = Debug|Any CPU
		{9D796510-1398-4D07-94B0-80547DACABE6}.Debug|x64.ActiveCfg = Debug|Any CPU
		{9D796510-1398-4D07-94B0-80547DACABE6}.Debug|x64.Build.0 = Debug|Any CPU
		{9D796510-1398-4D07-94B0-80547DACABE6}.Debug|x86.ActiveCfg = Debug|Any CPU
		{9D796510-1398-4D07-94B0-80547DACABE6}.Debug|x86.Build.0 = Debug|Any CPU
		{9D796510-1398-4D07-94B0-80547DACABE6}.Release|Any CPU.ActiveCfg = Release|Any CPU
		{9D796510-1398-4D07-94B0-80547DACABE6}.Release|Any CPU.Build.0 = Release|Any CPU
		{9D796510-1398-4D07-94B0-80547DACABE6}.Release|x64.ActiveCfg = Release|Any CPU
		{9D796510-1398-4D07-94B0-80547DACABE6}.Release|x64.Build.0 = Release|Any CPU
		{9D796510-1398-4D07-94B0-80547DACABE6}.Release|x86.ActiveCfg = Release|Any CPU
		{9D796510-1398-4D07-94B0-80547DACABE6}.Release|x86.Build.0 = Release|Any CPU
		{E32A0874-820D-4C95-9597-6009F0E5F4D3}.Debug|Any CPU.ActiveCfg = Debug|Any CPU
		{E32A0874-820D-4C95-9597-6009F0E5F4D3}.Debug|Any CPU.Build.0 = Debug|Any CPU
		{E32A0874-820D-4C95-9597-6009F0E5F4D3}.Debug|x64.ActiveCfg = Debug|Any CPU
		{E32A0874-820D-4C95-9597-6009F0E5F4D3}.Debug|x64.Build.0 = Debug|Any CPU
		{E32A0874-820D-4C95-9597-6009F0E5F4D3}.Debug|x86.ActiveCfg = Debug|Any CPU
		{E32A0874-820D-4C95-9597-6009F0E5F4D3}.Debug|x86.Build.0 = Debug|Any CPU
		{E32A0874-820D-4C95-9597-6009F0E5F4D3}.Release|Any CPU.ActiveCfg = Release|Any CPU
		{E32A0874-820D-4C95-9597-6009F0E5F4D3}.Release|Any CPU.Build.0 = Release|Any CPU
		{E32A0874-820D-4C95-9597-6009F0E5F4D3}.Release|x64.ActiveCfg = Release|Any CPU
		{E32A0874-820D-4C95-9597-6009F0E5F4D3}.Release|x64.Build.0 = Release|Any CPU
		{E32A0874-820D-4C95-9597-6009F0E5F4D3}.Release|x86.ActiveCfg = Release|Any CPU
		{E32A0874-820D-4C95-9597-6009F0E5F4D3}.Release|x86.Build.0 = Release|Any CPU
		{21C001DB-C554-4CED-9887-90D4000DE5D7}.Debug|Any CPU.ActiveCfg = Debug|Any CPU
		{21C001DB-C554-4CED-9887-90D4000DE5D7}.Debug|Any CPU.Build.0 = Debug|Any CPU
		{21C001DB-C554-4CED-9887-90D4000DE5D7}.Debug|x64.ActiveCfg = Debug|Any CPU
		{21C001DB-C554-4CED-9887-90D4000DE5D7}.Debug|x64.Build.0 = Debug|Any CPU
		{21C001DB-C554-4CED-9887-90D4000DE5D7}.Debug|x86.ActiveCfg = Debug|Any CPU
		{21C001DB-C554-4CED-9887-90D4000DE5D7}.Debug|x86.Build.0 = Debug|Any CPU
		{21C001DB-C554-4CED-9887-90D4000DE5D7}.Release|Any CPU.ActiveCfg = Release|Any CPU
		{21C001DB-C554-4CED-9887-90D4000DE5D7}.Release|Any CPU.Build.0 = Release|Any CPU
		{21C001DB-C554-4CED-9887-90D4000DE5D7}.Release|x64.ActiveCfg = Release|Any CPU
		{21C001DB-C554-4CED-9887-90D4000DE5D7}.Release|x64.Build.0 = Release|Any CPU
		{21C001DB-C554-4CED-9887-90D4000DE5D7}.Release|x86.ActiveCfg = Release|Any CPU
		{21C001DB-C554-4CED-9887-90D4000DE5D7}.Release|x86.Build.0 = Release|Any CPU
		{09677DBA-E8BA-4220-847F-18CF7562E724}.Debug|Any CPU.ActiveCfg = Debug|Any CPU
		{09677DBA-E8BA-4220-847F-18CF7562E724}.Debug|Any CPU.Build.0 = Debug|Any CPU
		{09677DBA-E8BA-4220-847F-18CF7562E724}.Debug|x64.ActiveCfg = Debug|Any CPU
		{09677DBA-E8BA-4220-847F-18CF7562E724}.Debug|x64.Build.0 = Debug|Any CPU
		{09677DBA-E8BA-4220-847F-18CF7562E724}.Debug|x86.ActiveCfg = Debug|Any CPU
		{09677DBA-E8BA-4220-847F-18CF7562E724}.Debug|x86.Build.0 = Debug|Any CPU
		{09677DBA-E8BA-4220-847F-18CF7562E724}.Release|Any CPU.ActiveCfg = Release|Any CPU
		{09677DBA-E8BA-4220-847F-18CF7562E724}.Release|Any CPU.Build.0 = Release|Any CPU
		{09677DBA-E8BA-4220-847F-18CF7562E724}.Release|x64.ActiveCfg = Release|Any CPU
		{09677DBA-E8BA-4220-847F-18CF7562E724}.Release|x64.Build.0 = Release|Any CPU
		{09677DBA-E8BA-4220-847F-18CF7562E724}.Release|x86.ActiveCfg = Release|Any CPU
		{09677DBA-E8BA-4220-847F-18CF7562E724}.Release|x86.Build.0 = Release|Any CPU
		{F5725429-F09F-48E3-999A-4D3AEF07C31F}.Debug|Any CPU.ActiveCfg = Debug|Any CPU
		{F5725429-F09F-48E3-999A-4D3AEF07C31F}.Debug|Any CPU.Build.0 = Debug|Any CPU
		{F5725429-F09F-48E3-999A-4D3AEF07C31F}.Debug|x64.ActiveCfg = Debug|Any CPU
		{F5725429-F09F-48E3-999A-4D3AEF07C31F}.Debug|x64.Build.0 = Debug|Any CPU
		{F5725429-F09F-48E3-999A-4D3AEF07C31F}.Debug|x86.ActiveCfg = Debug|Any CPU
		{F5725429-F09F-48E3-999A-4D3AEF07C31F}.Debug|x86.Build.0 = Debug|Any CPU
		{F5725429-F09F-48E3-999A-4D3AEF07C31F}.Release|Any CPU.ActiveCfg = Release|Any CPU
		{F5725429-F09F-48E3-999A-4D3AEF07C31F}.Release|Any CPU.Build.0 = Release|Any CPU
		{F5725429-F09F-48E3-999A-4D3AEF07C31F}.Release|x64.ActiveCfg = Release|Any CPU
		{F5725429-F09F-48E3-999A-4D3AEF07C31F}.Release|x64.Build.0 = Release|Any CPU
		{F5725429-F09F-48E3-999A-4D3AEF07C31F}.Release|x86.ActiveCfg = Release|Any CPU
		{F5725429-F09F-48E3-999A-4D3AEF07C31F}.Release|x86.Build.0 = Release|Any CPU
		{79AFEF40-0C5D-4106-9E08-57AC6926DDBC}.Debug|Any CPU.ActiveCfg = Debug|Any CPU
		{79AFEF40-0C5D-4106-9E08-57AC6926DDBC}.Debug|Any CPU.Build.0 = Debug|Any CPU
		{79AFEF40-0C5D-4106-9E08-57AC6926DDBC}.Debug|x64.ActiveCfg = Debug|Any CPU
		{79AFEF40-0C5D-4106-9E08-57AC6926DDBC}.Debug|x64.Build.0 = Debug|Any CPU
		{79AFEF40-0C5D-4106-9E08-57AC6926DDBC}.Debug|x86.ActiveCfg = Debug|Any CPU
		{79AFEF40-0C5D-4106-9E08-57AC6926DDBC}.Debug|x86.Build.0 = Debug|Any CPU
		{79AFEF40-0C5D-4106-9E08-57AC6926DDBC}.Release|Any CPU.ActiveCfg = Release|Any CPU
		{79AFEF40-0C5D-4106-9E08-57AC6926DDBC}.Release|Any CPU.Build.0 = Release|Any CPU
		{79AFEF40-0C5D-4106-9E08-57AC6926DDBC}.Release|x64.ActiveCfg = Release|Any CPU
		{79AFEF40-0C5D-4106-9E08-57AC6926DDBC}.Release|x64.Build.0 = Release|Any CPU
		{79AFEF40-0C5D-4106-9E08-57AC6926DDBC}.Release|x86.ActiveCfg = Release|Any CPU
		{79AFEF40-0C5D-4106-9E08-57AC6926DDBC}.Release|x86.Build.0 = Release|Any CPU
		{E711A732-393E-40CE-84AA-5391D7FC7624}.Debug|Any CPU.ActiveCfg = Debug|Any CPU
		{E711A732-393E-40CE-84AA-5391D7FC7624}.Debug|Any CPU.Build.0 = Debug|Any CPU
		{E711A732-393E-40CE-84AA-5391D7FC7624}.Debug|x64.ActiveCfg = Debug|Any CPU
		{E711A732-393E-40CE-84AA-5391D7FC7624}.Debug|x64.Build.0 = Debug|Any CPU
		{E711A732-393E-40CE-84AA-5391D7FC7624}.Debug|x86.ActiveCfg = Debug|Any CPU
		{E711A732-393E-40CE-84AA-5391D7FC7624}.Debug|x86.Build.0 = Debug|Any CPU
		{E711A732-393E-40CE-84AA-5391D7FC7624}.Release|Any CPU.ActiveCfg = Release|Any CPU
		{E711A732-393E-40CE-84AA-5391D7FC7624}.Release|Any CPU.Build.0 = Release|Any CPU
		{E711A732-393E-40CE-84AA-5391D7FC7624}.Release|x64.ActiveCfg = Release|Any CPU
		{E711A732-393E-40CE-84AA-5391D7FC7624}.Release|x64.Build.0 = Release|Any CPU
		{E711A732-393E-40CE-84AA-5391D7FC7624}.Release|x86.ActiveCfg = Release|Any CPU
		{E711A732-393E-40CE-84AA-5391D7FC7624}.Release|x86.Build.0 = Release|Any CPU
		{600B6FE2-C081-4A2A-A2AF-2C9A65E5148F}.Debug|Any CPU.ActiveCfg = Debug|Any CPU
		{600B6FE2-C081-4A2A-A2AF-2C9A65E5148F}.Debug|Any CPU.Build.0 = Debug|Any CPU
		{600B6FE2-C081-4A2A-A2AF-2C9A65E5148F}.Debug|x64.ActiveCfg = Debug|Any CPU
		{600B6FE2-C081-4A2A-A2AF-2C9A65E5148F}.Debug|x64.Build.0 = Debug|Any CPU
		{600B6FE2-C081-4A2A-A2AF-2C9A65E5148F}.Debug|x86.ActiveCfg = Debug|Any CPU
		{600B6FE2-C081-4A2A-A2AF-2C9A65E5148F}.Debug|x86.Build.0 = Debug|Any CPU
		{600B6FE2-C081-4A2A-A2AF-2C9A65E5148F}.Release|Any CPU.ActiveCfg = Release|Any CPU
		{600B6FE2-C081-4A2A-A2AF-2C9A65E5148F}.Release|Any CPU.Build.0 = Release|Any CPU
		{600B6FE2-C081-4A2A-A2AF-2C9A65E5148F}.Release|x64.ActiveCfg = Release|Any CPU
		{600B6FE2-C081-4A2A-A2AF-2C9A65E5148F}.Release|x64.Build.0 = Release|Any CPU
		{600B6FE2-C081-4A2A-A2AF-2C9A65E5148F}.Release|x86.ActiveCfg = Release|Any CPU
		{600B6FE2-C081-4A2A-A2AF-2C9A65E5148F}.Release|x86.Build.0 = Release|Any CPU
		{8F0F4499-CD21-40BC-B1AC-B0D84CC58DCE}.Debug|Any CPU.ActiveCfg = Debug|Any CPU
		{8F0F4499-CD21-40BC-B1AC-B0D84CC58DCE}.Debug|Any CPU.Build.0 = Debug|Any CPU
		{8F0F4499-CD21-40BC-B1AC-B0D84CC58DCE}.Debug|x64.ActiveCfg = Debug|Any CPU
		{8F0F4499-CD21-40BC-B1AC-B0D84CC58DCE}.Debug|x64.Build.0 = Debug|Any CPU
		{8F0F4499-CD21-40BC-B1AC-B0D84CC58DCE}.Debug|x86.ActiveCfg = Debug|Any CPU
		{8F0F4499-CD21-40BC-B1AC-B0D84CC58DCE}.Debug|x86.Build.0 = Debug|Any CPU
		{8F0F4499-CD21-40BC-B1AC-B0D84CC58DCE}.Release|Any CPU.ActiveCfg = Release|Any CPU
		{8F0F4499-CD21-40BC-B1AC-B0D84CC58DCE}.Release|Any CPU.Build.0 = Release|Any CPU
		{8F0F4499-CD21-40BC-B1AC-B0D84CC58DCE}.Release|x64.ActiveCfg = Release|Any CPU
		{8F0F4499-CD21-40BC-B1AC-B0D84CC58DCE}.Release|x64.Build.0 = Release|Any CPU
		{8F0F4499-CD21-40BC-B1AC-B0D84CC58DCE}.Release|x86.ActiveCfg = Release|Any CPU
		{8F0F4499-CD21-40BC-B1AC-B0D84CC58DCE}.Release|x86.Build.0 = Release|Any CPU
		{37409EB2-7748-4F32-9AE9-6252A59ACB88}.Debug|Any CPU.ActiveCfg = Debug|Any CPU
		{37409EB2-7748-4F32-9AE9-6252A59ACB88}.Debug|Any CPU.Build.0 = Debug|Any CPU
		{37409EB2-7748-4F32-9AE9-6252A59ACB88}.Debug|x64.ActiveCfg = Debug|Any CPU
		{37409EB2-7748-4F32-9AE9-6252A59ACB88}.Debug|x64.Build.0 = Debug|Any CPU
		{37409EB2-7748-4F32-9AE9-6252A59ACB88}.Debug|x86.ActiveCfg = Debug|Any CPU
		{37409EB2-7748-4F32-9AE9-6252A59ACB88}.Debug|x86.Build.0 = Debug|Any CPU
		{37409EB2-7748-4F32-9AE9-6252A59ACB88}.Release|Any CPU.ActiveCfg = Release|Any CPU
		{37409EB2-7748-4F32-9AE9-6252A59ACB88}.Release|Any CPU.Build.0 = Release|Any CPU
		{37409EB2-7748-4F32-9AE9-6252A59ACB88}.Release|x64.ActiveCfg = Release|Any CPU
		{37409EB2-7748-4F32-9AE9-6252A59ACB88}.Release|x64.Build.0 = Release|Any CPU
		{37409EB2-7748-4F32-9AE9-6252A59ACB88}.Release|x86.ActiveCfg = Release|Any CPU
		{37409EB2-7748-4F32-9AE9-6252A59ACB88}.Release|x86.Build.0 = Release|Any CPU
		{76D1871D-0791-432A-B62C-742522802843}.Debug|Any CPU.ActiveCfg = Debug|Any CPU
		{76D1871D-0791-432A-B62C-742522802843}.Debug|Any CPU.Build.0 = Debug|Any CPU
		{76D1871D-0791-432A-B62C-742522802843}.Debug|x64.ActiveCfg = Debug|Any CPU
		{76D1871D-0791-432A-B62C-742522802843}.Debug|x64.Build.0 = Debug|Any CPU
		{76D1871D-0791-432A-B62C-742522802843}.Debug|x86.ActiveCfg = Debug|Any CPU
		{76D1871D-0791-432A-B62C-742522802843}.Debug|x86.Build.0 = Debug|Any CPU
		{76D1871D-0791-432A-B62C-742522802843}.Release|Any CPU.ActiveCfg = Release|Any CPU
		{76D1871D-0791-432A-B62C-742522802843}.Release|Any CPU.Build.0 = Release|Any CPU
		{76D1871D-0791-432A-B62C-742522802843}.Release|x64.ActiveCfg = Release|Any CPU
		{76D1871D-0791-432A-B62C-742522802843}.Release|x64.Build.0 = Release|Any CPU
		{76D1871D-0791-432A-B62C-742522802843}.Release|x86.ActiveCfg = Release|Any CPU
		{76D1871D-0791-432A-B62C-742522802843}.Release|x86.Build.0 = Release|Any CPU
		{53C67307-8694-41D6-ACE2-99EFF4A16FF9}.Debug|Any CPU.ActiveCfg = Debug|Any CPU
		{53C67307-8694-41D6-ACE2-99EFF4A16FF9}.Debug|Any CPU.Build.0 = Debug|Any CPU
		{53C67307-8694-41D6-ACE2-99EFF4A16FF9}.Debug|x64.ActiveCfg = Debug|Any CPU
		{53C67307-8694-41D6-ACE2-99EFF4A16FF9}.Debug|x64.Build.0 = Debug|Any CPU
		{53C67307-8694-41D6-ACE2-99EFF4A16FF9}.Debug|x86.ActiveCfg = Debug|Any CPU
		{53C67307-8694-41D6-ACE2-99EFF4A16FF9}.Debug|x86.Build.0 = Debug|Any CPU
		{53C67307-8694-41D6-ACE2-99EFF4A16FF9}.Release|Any CPU.ActiveCfg = Release|Any CPU
		{53C67307-8694-41D6-ACE2-99EFF4A16FF9}.Release|Any CPU.Build.0 = Release|Any CPU
		{53C67307-8694-41D6-ACE2-99EFF4A16FF9}.Release|x64.ActiveCfg = Release|Any CPU
		{53C67307-8694-41D6-ACE2-99EFF4A16FF9}.Release|x64.Build.0 = Release|Any CPU
		{53C67307-8694-41D6-ACE2-99EFF4A16FF9}.Release|x86.ActiveCfg = Release|Any CPU
		{53C67307-8694-41D6-ACE2-99EFF4A16FF9}.Release|x86.Build.0 = Release|Any CPU
		{BCB967F0-2CB3-423A-A2DD-AECCB84E02B5}.Debug|Any CPU.ActiveCfg = Debug|Any CPU
		{BCB967F0-2CB3-423A-A2DD-AECCB84E02B5}.Debug|Any CPU.Build.0 = Debug|Any CPU
		{BCB967F0-2CB3-423A-A2DD-AECCB84E02B5}.Debug|x64.ActiveCfg = Debug|Any CPU
		{BCB967F0-2CB3-423A-A2DD-AECCB84E02B5}.Debug|x64.Build.0 = Debug|Any CPU
		{BCB967F0-2CB3-423A-A2DD-AECCB84E02B5}.Debug|x86.ActiveCfg = Debug|Any CPU
		{BCB967F0-2CB3-423A-A2DD-AECCB84E02B5}.Debug|x86.Build.0 = Debug|Any CPU
		{BCB967F0-2CB3-423A-A2DD-AECCB84E02B5}.Release|Any CPU.ActiveCfg = Release|Any CPU
		{BCB967F0-2CB3-423A-A2DD-AECCB84E02B5}.Release|Any CPU.Build.0 = Release|Any CPU
		{BCB967F0-2CB3-423A-A2DD-AECCB84E02B5}.Release|x64.ActiveCfg = Release|Any CPU
		{BCB967F0-2CB3-423A-A2DD-AECCB84E02B5}.Release|x64.Build.0 = Release|Any CPU
		{BCB967F0-2CB3-423A-A2DD-AECCB84E02B5}.Release|x86.ActiveCfg = Release|Any CPU
		{BCB967F0-2CB3-423A-A2DD-AECCB84E02B5}.Release|x86.Build.0 = Release|Any CPU
		{54E96304-51FE-4CA0-A61C-2C0181C8AD4B}.Debug|Any CPU.ActiveCfg = Debug|Any CPU
		{54E96304-51FE-4CA0-A61C-2C0181C8AD4B}.Debug|Any CPU.Build.0 = Debug|Any CPU
		{54E96304-51FE-4CA0-A61C-2C0181C8AD4B}.Debug|x64.ActiveCfg = Debug|Any CPU
		{54E96304-51FE-4CA0-A61C-2C0181C8AD4B}.Debug|x64.Build.0 = Debug|Any CPU
		{54E96304-51FE-4CA0-A61C-2C0181C8AD4B}.Debug|x86.ActiveCfg = Debug|Any CPU
		{54E96304-51FE-4CA0-A61C-2C0181C8AD4B}.Debug|x86.Build.0 = Debug|Any CPU
		{54E96304-51FE-4CA0-A61C-2C0181C8AD4B}.Release|Any CPU.ActiveCfg = Release|Any CPU
		{54E96304-51FE-4CA0-A61C-2C0181C8AD4B}.Release|Any CPU.Build.0 = Release|Any CPU
		{54E96304-51FE-4CA0-A61C-2C0181C8AD4B}.Release|x64.ActiveCfg = Release|Any CPU
		{54E96304-51FE-4CA0-A61C-2C0181C8AD4B}.Release|x64.Build.0 = Release|Any CPU
		{54E96304-51FE-4CA0-A61C-2C0181C8AD4B}.Release|x86.ActiveCfg = Release|Any CPU
		{54E96304-51FE-4CA0-A61C-2C0181C8AD4B}.Release|x86.Build.0 = Release|Any CPU
		{8B06A899-3AC5-44C7-A357-EF4C23B240C6}.Debug|Any CPU.ActiveCfg = Debug|Any CPU
		{8B06A899-3AC5-44C7-A357-EF4C23B240C6}.Debug|Any CPU.Build.0 = Debug|Any CPU
		{8B06A899-3AC5-44C7-A357-EF4C23B240C6}.Debug|x64.ActiveCfg = Debug|Any CPU
		{8B06A899-3AC5-44C7-A357-EF4C23B240C6}.Debug|x64.Build.0 = Debug|Any CPU
		{8B06A899-3AC5-44C7-A357-EF4C23B240C6}.Debug|x86.ActiveCfg = Debug|Any CPU
		{8B06A899-3AC5-44C7-A357-EF4C23B240C6}.Debug|x86.Build.0 = Debug|Any CPU
		{8B06A899-3AC5-44C7-A357-EF4C23B240C6}.Release|Any CPU.ActiveCfg = Release|Any CPU
		{8B06A899-3AC5-44C7-A357-EF4C23B240C6}.Release|Any CPU.Build.0 = Release|Any CPU
		{8B06A899-3AC5-44C7-A357-EF4C23B240C6}.Release|x64.ActiveCfg = Release|Any CPU
		{8B06A899-3AC5-44C7-A357-EF4C23B240C6}.Release|x64.Build.0 = Release|Any CPU
		{8B06A899-3AC5-44C7-A357-EF4C23B240C6}.Release|x86.ActiveCfg = Release|Any CPU
		{8B06A899-3AC5-44C7-A357-EF4C23B240C6}.Release|x86.Build.0 = Release|Any CPU
		{11A35213-C236-4A73-936B-6F91CA41F639}.Debug|Any CPU.ActiveCfg = Debug|Any CPU
		{11A35213-C236-4A73-936B-6F91CA41F639}.Debug|Any CPU.Build.0 = Debug|Any CPU
		{11A35213-C236-4A73-936B-6F91CA41F639}.Debug|x64.ActiveCfg = Debug|Any CPU
		{11A35213-C236-4A73-936B-6F91CA41F639}.Debug|x64.Build.0 = Debug|Any CPU
		{11A35213-C236-4A73-936B-6F91CA41F639}.Debug|x86.ActiveCfg = Debug|Any CPU
		{11A35213-C236-4A73-936B-6F91CA41F639}.Debug|x86.Build.0 = Debug|Any CPU
		{11A35213-C236-4A73-936B-6F91CA41F639}.Release|Any CPU.ActiveCfg = Release|Any CPU
		{11A35213-C236-4A73-936B-6F91CA41F639}.Release|Any CPU.Build.0 = Release|Any CPU
		{11A35213-C236-4A73-936B-6F91CA41F639}.Release|x64.ActiveCfg = Release|Any CPU
		{11A35213-C236-4A73-936B-6F91CA41F639}.Release|x64.Build.0 = Release|Any CPU
		{11A35213-C236-4A73-936B-6F91CA41F639}.Release|x86.ActiveCfg = Release|Any CPU
		{11A35213-C236-4A73-936B-6F91CA41F639}.Release|x86.Build.0 = Release|Any CPU
		{4FF4E550-4F1E-4C0E-8116-9795F251821E}.Debug|Any CPU.ActiveCfg = Debug|Any CPU
		{4FF4E550-4F1E-4C0E-8116-9795F251821E}.Debug|Any CPU.Build.0 = Debug|Any CPU
		{4FF4E550-4F1E-4C0E-8116-9795F251821E}.Debug|x64.ActiveCfg = Debug|Any CPU
		{4FF4E550-4F1E-4C0E-8116-9795F251821E}.Debug|x64.Build.0 = Debug|Any CPU
		{4FF4E550-4F1E-4C0E-8116-9795F251821E}.Debug|x86.ActiveCfg = Debug|Any CPU
		{4FF4E550-4F1E-4C0E-8116-9795F251821E}.Debug|x86.Build.0 = Debug|Any CPU
		{4FF4E550-4F1E-4C0E-8116-9795F251821E}.Release|Any CPU.ActiveCfg = Release|Any CPU
		{4FF4E550-4F1E-4C0E-8116-9795F251821E}.Release|Any CPU.Build.0 = Release|Any CPU
		{4FF4E550-4F1E-4C0E-8116-9795F251821E}.Release|x64.ActiveCfg = Release|Any CPU
		{4FF4E550-4F1E-4C0E-8116-9795F251821E}.Release|x64.Build.0 = Release|Any CPU
		{4FF4E550-4F1E-4C0E-8116-9795F251821E}.Release|x86.ActiveCfg = Release|Any CPU
		{4FF4E550-4F1E-4C0E-8116-9795F251821E}.Release|x86.Build.0 = Release|Any CPU
		{57A172F1-FD15-48DA-A58C-86F8463EE8E7}.Debug|Any CPU.ActiveCfg = Debug|Any CPU
		{57A172F1-FD15-48DA-A58C-86F8463EE8E7}.Debug|Any CPU.Build.0 = Debug|Any CPU
		{57A172F1-FD15-48DA-A58C-86F8463EE8E7}.Debug|x64.ActiveCfg = Debug|Any CPU
		{57A172F1-FD15-48DA-A58C-86F8463EE8E7}.Debug|x64.Build.0 = Debug|Any CPU
		{57A172F1-FD15-48DA-A58C-86F8463EE8E7}.Debug|x86.ActiveCfg = Debug|Any CPU
		{57A172F1-FD15-48DA-A58C-86F8463EE8E7}.Debug|x86.Build.0 = Debug|Any CPU
		{57A172F1-FD15-48DA-A58C-86F8463EE8E7}.Release|Any CPU.ActiveCfg = Release|Any CPU
		{57A172F1-FD15-48DA-A58C-86F8463EE8E7}.Release|Any CPU.Build.0 = Release|Any CPU
		{57A172F1-FD15-48DA-A58C-86F8463EE8E7}.Release|x64.ActiveCfg = Release|Any CPU
		{57A172F1-FD15-48DA-A58C-86F8463EE8E7}.Release|x64.Build.0 = Release|Any CPU
		{57A172F1-FD15-48DA-A58C-86F8463EE8E7}.Release|x86.ActiveCfg = Release|Any CPU
		{57A172F1-FD15-48DA-A58C-86F8463EE8E7}.Release|x86.Build.0 = Release|Any CPU
		{FE2810D8-9B64-4B7E-9C46-1BAB2BD27E6C}.Debug|Any CPU.ActiveCfg = Debug|Any CPU
		{FE2810D8-9B64-4B7E-9C46-1BAB2BD27E6C}.Debug|Any CPU.Build.0 = Debug|Any CPU
		{FE2810D8-9B64-4B7E-9C46-1BAB2BD27E6C}.Debug|x64.ActiveCfg = Debug|Any CPU
		{FE2810D8-9B64-4B7E-9C46-1BAB2BD27E6C}.Debug|x64.Build.0 = Debug|Any CPU
		{FE2810D8-9B64-4B7E-9C46-1BAB2BD27E6C}.Debug|x86.ActiveCfg = Debug|Any CPU
		{FE2810D8-9B64-4B7E-9C46-1BAB2BD27E6C}.Debug|x86.Build.0 = Debug|Any CPU
		{FE2810D8-9B64-4B7E-9C46-1BAB2BD27E6C}.Release|Any CPU.ActiveCfg = Release|Any CPU
		{FE2810D8-9B64-4B7E-9C46-1BAB2BD27E6C}.Release|Any CPU.Build.0 = Release|Any CPU
		{FE2810D8-9B64-4B7E-9C46-1BAB2BD27E6C}.Release|x64.ActiveCfg = Release|Any CPU
		{FE2810D8-9B64-4B7E-9C46-1BAB2BD27E6C}.Release|x64.Build.0 = Release|Any CPU
		{FE2810D8-9B64-4B7E-9C46-1BAB2BD27E6C}.Release|x86.ActiveCfg = Release|Any CPU
		{FE2810D8-9B64-4B7E-9C46-1BAB2BD27E6C}.Release|x86.Build.0 = Release|Any CPU
		{C8AEB9B7-AF3A-4178-9790-47972CDD77A5}.Debug|Any CPU.ActiveCfg = Debug|Any CPU
		{C8AEB9B7-AF3A-4178-9790-47972CDD77A5}.Debug|Any CPU.Build.0 = Debug|Any CPU
		{C8AEB9B7-AF3A-4178-9790-47972CDD77A5}.Debug|x64.ActiveCfg = Debug|Any CPU
		{C8AEB9B7-AF3A-4178-9790-47972CDD77A5}.Debug|x64.Build.0 = Debug|Any CPU
		{C8AEB9B7-AF3A-4178-9790-47972CDD77A5}.Debug|x86.ActiveCfg = Debug|Any CPU
		{C8AEB9B7-AF3A-4178-9790-47972CDD77A5}.Debug|x86.Build.0 = Debug|Any CPU
		{C8AEB9B7-AF3A-4178-9790-47972CDD77A5}.Release|Any CPU.ActiveCfg = Release|Any CPU
		{C8AEB9B7-AF3A-4178-9790-47972CDD77A5}.Release|Any CPU.Build.0 = Release|Any CPU
		{C8AEB9B7-AF3A-4178-9790-47972CDD77A5}.Release|x64.ActiveCfg = Release|Any CPU
		{C8AEB9B7-AF3A-4178-9790-47972CDD77A5}.Release|x64.Build.0 = Release|Any CPU
		{C8AEB9B7-AF3A-4178-9790-47972CDD77A5}.Release|x86.ActiveCfg = Release|Any CPU
		{C8AEB9B7-AF3A-4178-9790-47972CDD77A5}.Release|x86.Build.0 = Release|Any CPU
		{08DA1BF3-CD4B-464F-ABF8-994B54BB4D5B}.Debug|Any CPU.ActiveCfg = Debug|Any CPU
		{08DA1BF3-CD4B-464F-ABF8-994B54BB4D5B}.Debug|Any CPU.Build.0 = Debug|Any CPU
		{08DA1BF3-CD4B-464F-ABF8-994B54BB4D5B}.Debug|x64.ActiveCfg = Debug|Any CPU
		{08DA1BF3-CD4B-464F-ABF8-994B54BB4D5B}.Debug|x64.Build.0 = Debug|Any CPU
		{08DA1BF3-CD4B-464F-ABF8-994B54BB4D5B}.Debug|x86.ActiveCfg = Debug|Any CPU
		{08DA1BF3-CD4B-464F-ABF8-994B54BB4D5B}.Debug|x86.Build.0 = Debug|Any CPU
		{08DA1BF3-CD4B-464F-ABF8-994B54BB4D5B}.Release|Any CPU.ActiveCfg = Release|Any CPU
		{08DA1BF3-CD4B-464F-ABF8-994B54BB4D5B}.Release|Any CPU.Build.0 = Release|Any CPU
		{08DA1BF3-CD4B-464F-ABF8-994B54BB4D5B}.Release|x64.ActiveCfg = Release|Any CPU
		{08DA1BF3-CD4B-464F-ABF8-994B54BB4D5B}.Release|x64.Build.0 = Release|Any CPU
		{08DA1BF3-CD4B-464F-ABF8-994B54BB4D5B}.Release|x86.ActiveCfg = Release|Any CPU
		{08DA1BF3-CD4B-464F-ABF8-994B54BB4D5B}.Release|x86.Build.0 = Release|Any CPU
		{5E0CE1AD-857C-4894-8AAD-1347EC3E550D}.Debug|Any CPU.ActiveCfg = Debug|Any CPU
		{5E0CE1AD-857C-4894-8AAD-1347EC3E550D}.Debug|Any CPU.Build.0 = Debug|Any CPU
		{5E0CE1AD-857C-4894-8AAD-1347EC3E550D}.Debug|x64.ActiveCfg = Debug|Any CPU
		{5E0CE1AD-857C-4894-8AAD-1347EC3E550D}.Debug|x64.Build.0 = Debug|Any CPU
		{5E0CE1AD-857C-4894-8AAD-1347EC3E550D}.Debug|x86.ActiveCfg = Debug|Any CPU
		{5E0CE1AD-857C-4894-8AAD-1347EC3E550D}.Debug|x86.Build.0 = Debug|Any CPU
		{5E0CE1AD-857C-4894-8AAD-1347EC3E550D}.Release|Any CPU.ActiveCfg = Release|Any CPU
		{5E0CE1AD-857C-4894-8AAD-1347EC3E550D}.Release|Any CPU.Build.0 = Release|Any CPU
		{5E0CE1AD-857C-4894-8AAD-1347EC3E550D}.Release|x64.ActiveCfg = Release|Any CPU
		{5E0CE1AD-857C-4894-8AAD-1347EC3E550D}.Release|x64.Build.0 = Release|Any CPU
		{5E0CE1AD-857C-4894-8AAD-1347EC3E550D}.Release|x86.ActiveCfg = Release|Any CPU
		{5E0CE1AD-857C-4894-8AAD-1347EC3E550D}.Release|x86.Build.0 = Release|Any CPU
		{8FAC20EA-F489-4C5A-9CB9-8D352E24763D}.Debug|Any CPU.ActiveCfg = Debug|Any CPU
		{8FAC20EA-F489-4C5A-9CB9-8D352E24763D}.Debug|Any CPU.Build.0 = Debug|Any CPU
		{8FAC20EA-F489-4C5A-9CB9-8D352E24763D}.Debug|x64.ActiveCfg = Debug|Any CPU
		{8FAC20EA-F489-4C5A-9CB9-8D352E24763D}.Debug|x64.Build.0 = Debug|Any CPU
		{8FAC20EA-F489-4C5A-9CB9-8D352E24763D}.Debug|x86.ActiveCfg = Debug|Any CPU
		{8FAC20EA-F489-4C5A-9CB9-8D352E24763D}.Debug|x86.Build.0 = Debug|Any CPU
		{8FAC20EA-F489-4C5A-9CB9-8D352E24763D}.Release|Any CPU.ActiveCfg = Release|Any CPU
		{8FAC20EA-F489-4C5A-9CB9-8D352E24763D}.Release|Any CPU.Build.0 = Release|Any CPU
		{8FAC20EA-F489-4C5A-9CB9-8D352E24763D}.Release|x64.ActiveCfg = Release|Any CPU
		{8FAC20EA-F489-4C5A-9CB9-8D352E24763D}.Release|x64.Build.0 = Release|Any CPU
		{8FAC20EA-F489-4C5A-9CB9-8D352E24763D}.Release|x86.ActiveCfg = Release|Any CPU
		{8FAC20EA-F489-4C5A-9CB9-8D352E24763D}.Release|x86.Build.0 = Release|Any CPU
		{71BB76AB-CAF5-41C9-8FAD-8B7889CB644B}.Debug|Any CPU.ActiveCfg = Debug|Any CPU
		{71BB76AB-CAF5-41C9-8FAD-8B7889CB644B}.Debug|Any CPU.Build.0 = Debug|Any CPU
		{71BB76AB-CAF5-41C9-8FAD-8B7889CB644B}.Debug|x64.ActiveCfg = Debug|Any CPU
		{71BB76AB-CAF5-41C9-8FAD-8B7889CB644B}.Debug|x64.Build.0 = Debug|Any CPU
		{71BB76AB-CAF5-41C9-8FAD-8B7889CB644B}.Debug|x86.ActiveCfg = Debug|Any CPU
		{71BB76AB-CAF5-41C9-8FAD-8B7889CB644B}.Debug|x86.Build.0 = Debug|Any CPU
		{71BB76AB-CAF5-41C9-8FAD-8B7889CB644B}.Release|Any CPU.ActiveCfg = Release|Any CPU
		{71BB76AB-CAF5-41C9-8FAD-8B7889CB644B}.Release|Any CPU.Build.0 = Release|Any CPU
		{71BB76AB-CAF5-41C9-8FAD-8B7889CB644B}.Release|x64.ActiveCfg = Release|Any CPU
		{71BB76AB-CAF5-41C9-8FAD-8B7889CB644B}.Release|x64.Build.0 = Release|Any CPU
		{71BB76AB-CAF5-41C9-8FAD-8B7889CB644B}.Release|x86.ActiveCfg = Release|Any CPU
		{71BB76AB-CAF5-41C9-8FAD-8B7889CB644B}.Release|x86.Build.0 = Release|Any CPU
		{A90FA198-5A89-4DED-8F9E-EE7F15DBAE70}.Debug|Any CPU.ActiveCfg = Debug|Any CPU
		{A90FA198-5A89-4DED-8F9E-EE7F15DBAE70}.Debug|Any CPU.Build.0 = Debug|Any CPU
		{A90FA198-5A89-4DED-8F9E-EE7F15DBAE70}.Debug|x64.ActiveCfg = Debug|Any CPU
		{A90FA198-5A89-4DED-8F9E-EE7F15DBAE70}.Debug|x64.Build.0 = Debug|Any CPU
		{A90FA198-5A89-4DED-8F9E-EE7F15DBAE70}.Debug|x86.ActiveCfg = Debug|Any CPU
		{A90FA198-5A89-4DED-8F9E-EE7F15DBAE70}.Debug|x86.Build.0 = Debug|Any CPU
		{A90FA198-5A89-4DED-8F9E-EE7F15DBAE70}.Release|Any CPU.ActiveCfg = Release|Any CPU
		{A90FA198-5A89-4DED-8F9E-EE7F15DBAE70}.Release|Any CPU.Build.0 = Release|Any CPU
		{A90FA198-5A89-4DED-8F9E-EE7F15DBAE70}.Release|x64.ActiveCfg = Release|Any CPU
		{A90FA198-5A89-4DED-8F9E-EE7F15DBAE70}.Release|x64.Build.0 = Release|Any CPU
		{A90FA198-5A89-4DED-8F9E-EE7F15DBAE70}.Release|x86.ActiveCfg = Release|Any CPU
		{A90FA198-5A89-4DED-8F9E-EE7F15DBAE70}.Release|x86.Build.0 = Release|Any CPU
		{BE73CB9C-BB6E-4E10-BCA0-2733E0933FB6}.Debug|Any CPU.ActiveCfg = Debug|Any CPU
		{BE73CB9C-BB6E-4E10-BCA0-2733E0933FB6}.Debug|Any CPU.Build.0 = Debug|Any CPU
		{BE73CB9C-BB6E-4E10-BCA0-2733E0933FB6}.Debug|x64.ActiveCfg = Debug|Any CPU
		{BE73CB9C-BB6E-4E10-BCA0-2733E0933FB6}.Debug|x64.Build.0 = Debug|Any CPU
		{BE73CB9C-BB6E-4E10-BCA0-2733E0933FB6}.Debug|x86.ActiveCfg = Debug|Any CPU
		{BE73CB9C-BB6E-4E10-BCA0-2733E0933FB6}.Debug|x86.Build.0 = Debug|Any CPU
		{BE73CB9C-BB6E-4E10-BCA0-2733E0933FB6}.Release|Any CPU.ActiveCfg = Release|Any CPU
		{BE73CB9C-BB6E-4E10-BCA0-2733E0933FB6}.Release|Any CPU.Build.0 = Release|Any CPU
		{BE73CB9C-BB6E-4E10-BCA0-2733E0933FB6}.Release|x64.ActiveCfg = Release|Any CPU
		{BE73CB9C-BB6E-4E10-BCA0-2733E0933FB6}.Release|x64.Build.0 = Release|Any CPU
		{BE73CB9C-BB6E-4E10-BCA0-2733E0933FB6}.Release|x86.ActiveCfg = Release|Any CPU
		{BE73CB9C-BB6E-4E10-BCA0-2733E0933FB6}.Release|x86.Build.0 = Release|Any CPU
		{7E1587E1-0BC2-4F4F-B461-F7DD5FFBD717}.Debug|Any CPU.ActiveCfg = Debug|Any CPU
		{7E1587E1-0BC2-4F4F-B461-F7DD5FFBD717}.Debug|Any CPU.Build.0 = Debug|Any CPU
		{7E1587E1-0BC2-4F4F-B461-F7DD5FFBD717}.Debug|x64.ActiveCfg = Debug|Any CPU
		{7E1587E1-0BC2-4F4F-B461-F7DD5FFBD717}.Debug|x64.Build.0 = Debug|Any CPU
		{7E1587E1-0BC2-4F4F-B461-F7DD5FFBD717}.Debug|x86.ActiveCfg = Debug|Any CPU
		{7E1587E1-0BC2-4F4F-B461-F7DD5FFBD717}.Debug|x86.Build.0 = Debug|Any CPU
		{7E1587E1-0BC2-4F4F-B461-F7DD5FFBD717}.Release|Any CPU.ActiveCfg = Release|Any CPU
		{7E1587E1-0BC2-4F4F-B461-F7DD5FFBD717}.Release|Any CPU.Build.0 = Release|Any CPU
		{7E1587E1-0BC2-4F4F-B461-F7DD5FFBD717}.Release|x64.ActiveCfg = Release|Any CPU
		{7E1587E1-0BC2-4F4F-B461-F7DD5FFBD717}.Release|x64.Build.0 = Release|Any CPU
		{7E1587E1-0BC2-4F4F-B461-F7DD5FFBD717}.Release|x86.ActiveCfg = Release|Any CPU
		{7E1587E1-0BC2-4F4F-B461-F7DD5FFBD717}.Release|x86.Build.0 = Release|Any CPU
		{7658C426-3924-42C5-A129-9A735786B799}.Debug|Any CPU.ActiveCfg = Debug|Any CPU
		{7658C426-3924-42C5-A129-9A735786B799}.Debug|Any CPU.Build.0 = Debug|Any CPU
		{7658C426-3924-42C5-A129-9A735786B799}.Debug|x64.ActiveCfg = Debug|Any CPU
		{7658C426-3924-42C5-A129-9A735786B799}.Debug|x64.Build.0 = Debug|Any CPU
		{7658C426-3924-42C5-A129-9A735786B799}.Debug|x86.ActiveCfg = Debug|Any CPU
		{7658C426-3924-42C5-A129-9A735786B799}.Debug|x86.Build.0 = Debug|Any CPU
		{7658C426-3924-42C5-A129-9A735786B799}.Release|Any CPU.ActiveCfg = Release|Any CPU
		{7658C426-3924-42C5-A129-9A735786B799}.Release|Any CPU.Build.0 = Release|Any CPU
		{7658C426-3924-42C5-A129-9A735786B799}.Release|x64.ActiveCfg = Release|Any CPU
		{7658C426-3924-42C5-A129-9A735786B799}.Release|x64.Build.0 = Release|Any CPU
		{7658C426-3924-42C5-A129-9A735786B799}.Release|x86.ActiveCfg = Release|Any CPU
		{7658C426-3924-42C5-A129-9A735786B799}.Release|x86.Build.0 = Release|Any CPU
		{BBAACABF-D7F1-497E-9037-4FBEC1193696}.Debug|Any CPU.ActiveCfg = Debug|Any CPU
		{BBAACABF-D7F1-497E-9037-4FBEC1193696}.Debug|Any CPU.Build.0 = Debug|Any CPU
		{BBAACABF-D7F1-497E-9037-4FBEC1193696}.Debug|x64.ActiveCfg = Debug|Any CPU
		{BBAACABF-D7F1-497E-9037-4FBEC1193696}.Debug|x64.Build.0 = Debug|Any CPU
		{BBAACABF-D7F1-497E-9037-4FBEC1193696}.Debug|x86.ActiveCfg = Debug|Any CPU
		{BBAACABF-D7F1-497E-9037-4FBEC1193696}.Debug|x86.Build.0 = Debug|Any CPU
		{BBAACABF-D7F1-497E-9037-4FBEC1193696}.Release|Any CPU.ActiveCfg = Release|Any CPU
		{BBAACABF-D7F1-497E-9037-4FBEC1193696}.Release|Any CPU.Build.0 = Release|Any CPU
		{BBAACABF-D7F1-497E-9037-4FBEC1193696}.Release|x64.ActiveCfg = Release|Any CPU
		{BBAACABF-D7F1-497E-9037-4FBEC1193696}.Release|x64.Build.0 = Release|Any CPU
		{BBAACABF-D7F1-497E-9037-4FBEC1193696}.Release|x86.ActiveCfg = Release|Any CPU
		{BBAACABF-D7F1-497E-9037-4FBEC1193696}.Release|x86.Build.0 = Release|Any CPU
		{C3903C60-5698-403A-82EE-35B09B798AD7}.Debug|Any CPU.ActiveCfg = Debug|Any CPU
		{C3903C60-5698-403A-82EE-35B09B798AD7}.Debug|Any CPU.Build.0 = Debug|Any CPU
		{C3903C60-5698-403A-82EE-35B09B798AD7}.Debug|x64.ActiveCfg = Debug|Any CPU
		{C3903C60-5698-403A-82EE-35B09B798AD7}.Debug|x64.Build.0 = Debug|Any CPU
		{C3903C60-5698-403A-82EE-35B09B798AD7}.Debug|x86.ActiveCfg = Debug|Any CPU
		{C3903C60-5698-403A-82EE-35B09B798AD7}.Debug|x86.Build.0 = Debug|Any CPU
		{C3903C60-5698-403A-82EE-35B09B798AD7}.Release|Any CPU.ActiveCfg = Release|Any CPU
		{C3903C60-5698-403A-82EE-35B09B798AD7}.Release|Any CPU.Build.0 = Release|Any CPU
		{C3903C60-5698-403A-82EE-35B09B798AD7}.Release|x64.ActiveCfg = Release|Any CPU
		{C3903C60-5698-403A-82EE-35B09B798AD7}.Release|x64.Build.0 = Release|Any CPU
		{C3903C60-5698-403A-82EE-35B09B798AD7}.Release|x86.ActiveCfg = Release|Any CPU
		{C3903C60-5698-403A-82EE-35B09B798AD7}.Release|x86.Build.0 = Release|Any CPU
		{B5E6FFD0-E07A-4098-A446-32FDDBD154B6}.Debug|Any CPU.ActiveCfg = Debug|Any CPU
		{B5E6FFD0-E07A-4098-A446-32FDDBD154B6}.Debug|Any CPU.Build.0 = Debug|Any CPU
		{B5E6FFD0-E07A-4098-A446-32FDDBD154B6}.Debug|x64.ActiveCfg = Debug|Any CPU
		{B5E6FFD0-E07A-4098-A446-32FDDBD154B6}.Debug|x64.Build.0 = Debug|Any CPU
		{B5E6FFD0-E07A-4098-A446-32FDDBD154B6}.Debug|x86.ActiveCfg = Debug|Any CPU
		{B5E6FFD0-E07A-4098-A446-32FDDBD154B6}.Debug|x86.Build.0 = Debug|Any CPU
		{B5E6FFD0-E07A-4098-A446-32FDDBD154B6}.Release|Any CPU.ActiveCfg = Release|Any CPU
		{B5E6FFD0-E07A-4098-A446-32FDDBD154B6}.Release|Any CPU.Build.0 = Release|Any CPU
		{B5E6FFD0-E07A-4098-A446-32FDDBD154B6}.Release|x64.ActiveCfg = Release|Any CPU
		{B5E6FFD0-E07A-4098-A446-32FDDBD154B6}.Release|x64.Build.0 = Release|Any CPU
		{B5E6FFD0-E07A-4098-A446-32FDDBD154B6}.Release|x86.ActiveCfg = Release|Any CPU
		{B5E6FFD0-E07A-4098-A446-32FDDBD154B6}.Release|x86.Build.0 = Release|Any CPU
		{8CE6198C-B1AF-471D-A1B6-0BA31E3401A6}.Debug|Any CPU.ActiveCfg = Debug|Any CPU
		{8CE6198C-B1AF-471D-A1B6-0BA31E3401A6}.Debug|Any CPU.Build.0 = Debug|Any CPU
		{8CE6198C-B1AF-471D-A1B6-0BA31E3401A6}.Debug|x64.ActiveCfg = Debug|Any CPU
		{8CE6198C-B1AF-471D-A1B6-0BA31E3401A6}.Debug|x64.Build.0 = Debug|Any CPU
		{8CE6198C-B1AF-471D-A1B6-0BA31E3401A6}.Debug|x86.ActiveCfg = Debug|Any CPU
		{8CE6198C-B1AF-471D-A1B6-0BA31E3401A6}.Debug|x86.Build.0 = Debug|Any CPU
		{8CE6198C-B1AF-471D-A1B6-0BA31E3401A6}.Release|Any CPU.ActiveCfg = Release|Any CPU
		{8CE6198C-B1AF-471D-A1B6-0BA31E3401A6}.Release|Any CPU.Build.0 = Release|Any CPU
		{8CE6198C-B1AF-471D-A1B6-0BA31E3401A6}.Release|x64.ActiveCfg = Release|Any CPU
		{8CE6198C-B1AF-471D-A1B6-0BA31E3401A6}.Release|x64.Build.0 = Release|Any CPU
		{8CE6198C-B1AF-471D-A1B6-0BA31E3401A6}.Release|x86.ActiveCfg = Release|Any CPU
		{8CE6198C-B1AF-471D-A1B6-0BA31E3401A6}.Release|x86.Build.0 = Release|Any CPU
		{00F12EED-43A4-4D91-B352-1AF84FBCDD09}.Debug|Any CPU.ActiveCfg = Debug|Any CPU
		{00F12EED-43A4-4D91-B352-1AF84FBCDD09}.Debug|Any CPU.Build.0 = Debug|Any CPU
		{00F12EED-43A4-4D91-B352-1AF84FBCDD09}.Debug|x64.ActiveCfg = Debug|Any CPU
		{00F12EED-43A4-4D91-B352-1AF84FBCDD09}.Debug|x64.Build.0 = Debug|Any CPU
		{00F12EED-43A4-4D91-B352-1AF84FBCDD09}.Debug|x86.ActiveCfg = Debug|Any CPU
		{00F12EED-43A4-4D91-B352-1AF84FBCDD09}.Debug|x86.Build.0 = Debug|Any CPU
		{00F12EED-43A4-4D91-B352-1AF84FBCDD09}.Release|Any CPU.ActiveCfg = Release|Any CPU
		{00F12EED-43A4-4D91-B352-1AF84FBCDD09}.Release|Any CPU.Build.0 = Release|Any CPU
		{00F12EED-43A4-4D91-B352-1AF84FBCDD09}.Release|x64.ActiveCfg = Release|Any CPU
		{00F12EED-43A4-4D91-B352-1AF84FBCDD09}.Release|x64.Build.0 = Release|Any CPU
		{00F12EED-43A4-4D91-B352-1AF84FBCDD09}.Release|x86.ActiveCfg = Release|Any CPU
		{00F12EED-43A4-4D91-B352-1AF84FBCDD09}.Release|x86.Build.0 = Release|Any CPU
		{B9EC5515-EA38-4D39-A1EC-28053AB92EEC}.Debug|Any CPU.ActiveCfg = Debug|Any CPU
		{B9EC5515-EA38-4D39-A1EC-28053AB92EEC}.Debug|Any CPU.Build.0 = Debug|Any CPU
		{B9EC5515-EA38-4D39-A1EC-28053AB92EEC}.Debug|x64.ActiveCfg = Debug|Any CPU
		{B9EC5515-EA38-4D39-A1EC-28053AB92EEC}.Debug|x64.Build.0 = Debug|Any CPU
		{B9EC5515-EA38-4D39-A1EC-28053AB92EEC}.Debug|x86.ActiveCfg = Debug|Any CPU
		{B9EC5515-EA38-4D39-A1EC-28053AB92EEC}.Debug|x86.Build.0 = Debug|Any CPU
		{B9EC5515-EA38-4D39-A1EC-28053AB92EEC}.Release|Any CPU.ActiveCfg = Release|Any CPU
		{B9EC5515-EA38-4D39-A1EC-28053AB92EEC}.Release|Any CPU.Build.0 = Release|Any CPU
		{B9EC5515-EA38-4D39-A1EC-28053AB92EEC}.Release|x64.ActiveCfg = Release|Any CPU
		{B9EC5515-EA38-4D39-A1EC-28053AB92EEC}.Release|x64.Build.0 = Release|Any CPU
		{B9EC5515-EA38-4D39-A1EC-28053AB92EEC}.Release|x86.ActiveCfg = Release|Any CPU
		{B9EC5515-EA38-4D39-A1EC-28053AB92EEC}.Release|x86.Build.0 = Release|Any CPU
		{E28A8A7E-268A-4B12-8062-7423ECF49A56}.Debug|Any CPU.ActiveCfg = Debug|Any CPU
		{E28A8A7E-268A-4B12-8062-7423ECF49A56}.Debug|Any CPU.Build.0 = Debug|Any CPU
		{E28A8A7E-268A-4B12-8062-7423ECF49A56}.Debug|x64.ActiveCfg = Debug|Any CPU
		{E28A8A7E-268A-4B12-8062-7423ECF49A56}.Debug|x64.Build.0 = Debug|Any CPU
		{E28A8A7E-268A-4B12-8062-7423ECF49A56}.Debug|x86.ActiveCfg = Debug|Any CPU
		{E28A8A7E-268A-4B12-8062-7423ECF49A56}.Debug|x86.Build.0 = Debug|Any CPU
		{E28A8A7E-268A-4B12-8062-7423ECF49A56}.Release|Any CPU.ActiveCfg = Release|Any CPU
		{E28A8A7E-268A-4B12-8062-7423ECF49A56}.Release|Any CPU.Build.0 = Release|Any CPU
		{E28A8A7E-268A-4B12-8062-7423ECF49A56}.Release|x64.ActiveCfg = Release|Any CPU
		{E28A8A7E-268A-4B12-8062-7423ECF49A56}.Release|x64.Build.0 = Release|Any CPU
		{E28A8A7E-268A-4B12-8062-7423ECF49A56}.Release|x86.ActiveCfg = Release|Any CPU
		{E28A8A7E-268A-4B12-8062-7423ECF49A56}.Release|x86.Build.0 = Release|Any CPU
		{16F95C4A-518C-4313-BD39-B18116F2C0D9}.Debug|Any CPU.ActiveCfg = Debug|Any CPU
		{16F95C4A-518C-4313-BD39-B18116F2C0D9}.Debug|Any CPU.Build.0 = Debug|Any CPU
		{16F95C4A-518C-4313-BD39-B18116F2C0D9}.Debug|x64.ActiveCfg = Debug|Any CPU
		{16F95C4A-518C-4313-BD39-B18116F2C0D9}.Debug|x64.Build.0 = Debug|Any CPU
		{16F95C4A-518C-4313-BD39-B18116F2C0D9}.Debug|x86.ActiveCfg = Debug|Any CPU
		{16F95C4A-518C-4313-BD39-B18116F2C0D9}.Debug|x86.Build.0 = Debug|Any CPU
		{16F95C4A-518C-4313-BD39-B18116F2C0D9}.Release|Any CPU.ActiveCfg = Release|Any CPU
		{16F95C4A-518C-4313-BD39-B18116F2C0D9}.Release|Any CPU.Build.0 = Release|Any CPU
		{16F95C4A-518C-4313-BD39-B18116F2C0D9}.Release|x64.ActiveCfg = Release|Any CPU
		{16F95C4A-518C-4313-BD39-B18116F2C0D9}.Release|x64.Build.0 = Release|Any CPU
		{16F95C4A-518C-4313-BD39-B18116F2C0D9}.Release|x86.ActiveCfg = Release|Any CPU
		{16F95C4A-518C-4313-BD39-B18116F2C0D9}.Release|x86.Build.0 = Release|Any CPU
		{80D6C23E-5C1E-424C-B893-CB64642C44DB}.Debug|Any CPU.ActiveCfg = Debug|Any CPU
		{80D6C23E-5C1E-424C-B893-CB64642C44DB}.Debug|Any CPU.Build.0 = Debug|Any CPU
		{80D6C23E-5C1E-424C-B893-CB64642C44DB}.Debug|x64.ActiveCfg = Debug|Any CPU
		{80D6C23E-5C1E-424C-B893-CB64642C44DB}.Debug|x64.Build.0 = Debug|Any CPU
		{80D6C23E-5C1E-424C-B893-CB64642C44DB}.Debug|x86.ActiveCfg = Debug|Any CPU
		{80D6C23E-5C1E-424C-B893-CB64642C44DB}.Debug|x86.Build.0 = Debug|Any CPU
		{80D6C23E-5C1E-424C-B893-CB64642C44DB}.Release|Any CPU.ActiveCfg = Release|Any CPU
		{80D6C23E-5C1E-424C-B893-CB64642C44DB}.Release|Any CPU.Build.0 = Release|Any CPU
		{80D6C23E-5C1E-424C-B893-CB64642C44DB}.Release|x64.ActiveCfg = Release|Any CPU
		{80D6C23E-5C1E-424C-B893-CB64642C44DB}.Release|x64.Build.0 = Release|Any CPU
		{80D6C23E-5C1E-424C-B893-CB64642C44DB}.Release|x86.ActiveCfg = Release|Any CPU
		{80D6C23E-5C1E-424C-B893-CB64642C44DB}.Release|x86.Build.0 = Release|Any CPU
		{D17698BF-1A97-4CF7-ACE4-5E6E8B2E6B90}.Debug|Any CPU.ActiveCfg = Debug|Any CPU
		{D17698BF-1A97-4CF7-ACE4-5E6E8B2E6B90}.Debug|Any CPU.Build.0 = Debug|Any CPU
		{D17698BF-1A97-4CF7-ACE4-5E6E8B2E6B90}.Debug|x64.ActiveCfg = Debug|Any CPU
		{D17698BF-1A97-4CF7-ACE4-5E6E8B2E6B90}.Debug|x64.Build.0 = Debug|Any CPU
		{D17698BF-1A97-4CF7-ACE4-5E6E8B2E6B90}.Debug|x86.ActiveCfg = Debug|Any CPU
		{D17698BF-1A97-4CF7-ACE4-5E6E8B2E6B90}.Debug|x86.Build.0 = Debug|Any CPU
		{D17698BF-1A97-4CF7-ACE4-5E6E8B2E6B90}.Release|Any CPU.ActiveCfg = Release|Any CPU
		{D17698BF-1A97-4CF7-ACE4-5E6E8B2E6B90}.Release|Any CPU.Build.0 = Release|Any CPU
		{D17698BF-1A97-4CF7-ACE4-5E6E8B2E6B90}.Release|x64.ActiveCfg = Release|Any CPU
		{D17698BF-1A97-4CF7-ACE4-5E6E8B2E6B90}.Release|x64.Build.0 = Release|Any CPU
		{D17698BF-1A97-4CF7-ACE4-5E6E8B2E6B90}.Release|x86.ActiveCfg = Release|Any CPU
		{D17698BF-1A97-4CF7-ACE4-5E6E8B2E6B90}.Release|x86.Build.0 = Release|Any CPU
		{400D5ED3-DF5C-4C08-837C-7513F2DE9AC9}.Debug|Any CPU.ActiveCfg = Debug|Any CPU
		{400D5ED3-DF5C-4C08-837C-7513F2DE9AC9}.Debug|Any CPU.Build.0 = Debug|Any CPU
		{400D5ED3-DF5C-4C08-837C-7513F2DE9AC9}.Debug|x64.ActiveCfg = Debug|Any CPU
		{400D5ED3-DF5C-4C08-837C-7513F2DE9AC9}.Debug|x64.Build.0 = Debug|Any CPU
		{400D5ED3-DF5C-4C08-837C-7513F2DE9AC9}.Debug|x86.ActiveCfg = Debug|Any CPU
		{400D5ED3-DF5C-4C08-837C-7513F2DE9AC9}.Debug|x86.Build.0 = Debug|Any CPU
		{400D5ED3-DF5C-4C08-837C-7513F2DE9AC9}.Release|Any CPU.ActiveCfg = Release|Any CPU
		{400D5ED3-DF5C-4C08-837C-7513F2DE9AC9}.Release|Any CPU.Build.0 = Release|Any CPU
		{400D5ED3-DF5C-4C08-837C-7513F2DE9AC9}.Release|x64.ActiveCfg = Release|Any CPU
		{400D5ED3-DF5C-4C08-837C-7513F2DE9AC9}.Release|x64.Build.0 = Release|Any CPU
		{400D5ED3-DF5C-4C08-837C-7513F2DE9AC9}.Release|x86.ActiveCfg = Release|Any CPU
		{400D5ED3-DF5C-4C08-837C-7513F2DE9AC9}.Release|x86.Build.0 = Release|Any CPU
		{F3F9DBF9-CB77-46DE-A411-E3C64DB70A15}.Debug|Any CPU.ActiveCfg = Debug|Any CPU
		{F3F9DBF9-CB77-46DE-A411-E3C64DB70A15}.Debug|Any CPU.Build.0 = Debug|Any CPU
		{F3F9DBF9-CB77-46DE-A411-E3C64DB70A15}.Debug|x64.ActiveCfg = Debug|Any CPU
		{F3F9DBF9-CB77-46DE-A411-E3C64DB70A15}.Debug|x64.Build.0 = Debug|Any CPU
		{F3F9DBF9-CB77-46DE-A411-E3C64DB70A15}.Debug|x86.ActiveCfg = Debug|Any CPU
		{F3F9DBF9-CB77-46DE-A411-E3C64DB70A15}.Debug|x86.Build.0 = Debug|Any CPU
		{F3F9DBF9-CB77-46DE-A411-E3C64DB70A15}.Release|Any CPU.ActiveCfg = Release|Any CPU
		{F3F9DBF9-CB77-46DE-A411-E3C64DB70A15}.Release|Any CPU.Build.0 = Release|Any CPU
		{F3F9DBF9-CB77-46DE-A411-E3C64DB70A15}.Release|x64.ActiveCfg = Release|Any CPU
		{F3F9DBF9-CB77-46DE-A411-E3C64DB70A15}.Release|x64.Build.0 = Release|Any CPU
		{F3F9DBF9-CB77-46DE-A411-E3C64DB70A15}.Release|x86.ActiveCfg = Release|Any CPU
		{F3F9DBF9-CB77-46DE-A411-E3C64DB70A15}.Release|x86.Build.0 = Release|Any CPU
		{FDAC420B-84F5-4CA5-A24C-C0531E4BD5F6}.Debug|Any CPU.ActiveCfg = Debug|Any CPU
		{FDAC420B-84F5-4CA5-A24C-C0531E4BD5F6}.Debug|Any CPU.Build.0 = Debug|Any CPU
		{FDAC420B-84F5-4CA5-A24C-C0531E4BD5F6}.Debug|x64.ActiveCfg = Debug|Any CPU
		{FDAC420B-84F5-4CA5-A24C-C0531E4BD5F6}.Debug|x64.Build.0 = Debug|Any CPU
		{FDAC420B-84F5-4CA5-A24C-C0531E4BD5F6}.Debug|x86.ActiveCfg = Debug|Any CPU
		{FDAC420B-84F5-4CA5-A24C-C0531E4BD5F6}.Debug|x86.Build.0 = Debug|Any CPU
		{FDAC420B-84F5-4CA5-A24C-C0531E4BD5F6}.Release|Any CPU.ActiveCfg = Release|Any CPU
		{FDAC420B-84F5-4CA5-A24C-C0531E4BD5F6}.Release|Any CPU.Build.0 = Release|Any CPU
		{FDAC420B-84F5-4CA5-A24C-C0531E4BD5F6}.Release|x64.ActiveCfg = Release|Any CPU
		{FDAC420B-84F5-4CA5-A24C-C0531E4BD5F6}.Release|x64.Build.0 = Release|Any CPU
		{FDAC420B-84F5-4CA5-A24C-C0531E4BD5F6}.Release|x86.ActiveCfg = Release|Any CPU
		{FDAC420B-84F5-4CA5-A24C-C0531E4BD5F6}.Release|x86.Build.0 = Release|Any CPU
		{C5F932F0-4134-4EE7-A49F-5BE71053C6DB}.Debug|Any CPU.ActiveCfg = Debug|Any CPU
		{C5F932F0-4134-4EE7-A49F-5BE71053C6DB}.Debug|Any CPU.Build.0 = Debug|Any CPU
		{C5F932F0-4134-4EE7-A49F-5BE71053C6DB}.Debug|x64.ActiveCfg = Debug|Any CPU
		{C5F932F0-4134-4EE7-A49F-5BE71053C6DB}.Debug|x64.Build.0 = Debug|Any CPU
		{C5F932F0-4134-4EE7-A49F-5BE71053C6DB}.Debug|x86.ActiveCfg = Debug|Any CPU
		{C5F932F0-4134-4EE7-A49F-5BE71053C6DB}.Debug|x86.Build.0 = Debug|Any CPU
		{C5F932F0-4134-4EE7-A49F-5BE71053C6DB}.Release|Any CPU.ActiveCfg = Release|Any CPU
		{C5F932F0-4134-4EE7-A49F-5BE71053C6DB}.Release|Any CPU.Build.0 = Release|Any CPU
		{C5F932F0-4134-4EE7-A49F-5BE71053C6DB}.Release|x64.ActiveCfg = Release|Any CPU
		{C5F932F0-4134-4EE7-A49F-5BE71053C6DB}.Release|x64.Build.0 = Release|Any CPU
		{C5F932F0-4134-4EE7-A49F-5BE71053C6DB}.Release|x86.ActiveCfg = Release|Any CPU
		{C5F932F0-4134-4EE7-A49F-5BE71053C6DB}.Release|x86.Build.0 = Release|Any CPU
		{F69F1562-9E84-4C82-BDFA-22AFFF9CD9D3}.Debug|Any CPU.ActiveCfg = Debug|Any CPU
		{F69F1562-9E84-4C82-BDFA-22AFFF9CD9D3}.Debug|Any CPU.Build.0 = Debug|Any CPU
		{F69F1562-9E84-4C82-BDFA-22AFFF9CD9D3}.Debug|x64.ActiveCfg = Debug|Any CPU
		{F69F1562-9E84-4C82-BDFA-22AFFF9CD9D3}.Debug|x64.Build.0 = Debug|Any CPU
		{F69F1562-9E84-4C82-BDFA-22AFFF9CD9D3}.Debug|x86.ActiveCfg = Debug|Any CPU
		{F69F1562-9E84-4C82-BDFA-22AFFF9CD9D3}.Debug|x86.Build.0 = Debug|Any CPU
		{F69F1562-9E84-4C82-BDFA-22AFFF9CD9D3}.Release|Any CPU.ActiveCfg = Release|Any CPU
		{F69F1562-9E84-4C82-BDFA-22AFFF9CD9D3}.Release|Any CPU.Build.0 = Release|Any CPU
		{F69F1562-9E84-4C82-BDFA-22AFFF9CD9D3}.Release|x64.ActiveCfg = Release|Any CPU
		{F69F1562-9E84-4C82-BDFA-22AFFF9CD9D3}.Release|x64.Build.0 = Release|Any CPU
		{F69F1562-9E84-4C82-BDFA-22AFFF9CD9D3}.Release|x86.ActiveCfg = Release|Any CPU
		{F69F1562-9E84-4C82-BDFA-22AFFF9CD9D3}.Release|x86.Build.0 = Release|Any CPU
		{58B01D7A-3187-4905-BAA1-AC88F9765888}.Debug|Any CPU.ActiveCfg = Debug|Any CPU
		{58B01D7A-3187-4905-BAA1-AC88F9765888}.Debug|Any CPU.Build.0 = Debug|Any CPU
		{58B01D7A-3187-4905-BAA1-AC88F9765888}.Debug|x64.ActiveCfg = Debug|Any CPU
		{58B01D7A-3187-4905-BAA1-AC88F9765888}.Debug|x64.Build.0 = Debug|Any CPU
		{58B01D7A-3187-4905-BAA1-AC88F9765888}.Debug|x86.ActiveCfg = Debug|Any CPU
		{58B01D7A-3187-4905-BAA1-AC88F9765888}.Debug|x86.Build.0 = Debug|Any CPU
		{58B01D7A-3187-4905-BAA1-AC88F9765888}.Release|Any CPU.ActiveCfg = Release|Any CPU
		{58B01D7A-3187-4905-BAA1-AC88F9765888}.Release|Any CPU.Build.0 = Release|Any CPU
		{58B01D7A-3187-4905-BAA1-AC88F9765888}.Release|x64.ActiveCfg = Release|Any CPU
		{58B01D7A-3187-4905-BAA1-AC88F9765888}.Release|x64.Build.0 = Release|Any CPU
		{58B01D7A-3187-4905-BAA1-AC88F9765888}.Release|x86.ActiveCfg = Release|Any CPU
		{58B01D7A-3187-4905-BAA1-AC88F9765888}.Release|x86.Build.0 = Release|Any CPU
		{035558B6-8166-4A0F-B14D-AF1443ED715A}.Debug|Any CPU.ActiveCfg = Debug|Any CPU
		{035558B6-8166-4A0F-B14D-AF1443ED715A}.Debug|Any CPU.Build.0 = Debug|Any CPU
		{035558B6-8166-4A0F-B14D-AF1443ED715A}.Debug|x64.ActiveCfg = Debug|Any CPU
		{035558B6-8166-4A0F-B14D-AF1443ED715A}.Debug|x64.Build.0 = Debug|Any CPU
		{035558B6-8166-4A0F-B14D-AF1443ED715A}.Debug|x86.ActiveCfg = Debug|Any CPU
		{035558B6-8166-4A0F-B14D-AF1443ED715A}.Debug|x86.Build.0 = Debug|Any CPU
		{035558B6-8166-4A0F-B14D-AF1443ED715A}.Release|Any CPU.ActiveCfg = Release|Any CPU
		{035558B6-8166-4A0F-B14D-AF1443ED715A}.Release|Any CPU.Build.0 = Release|Any CPU
		{035558B6-8166-4A0F-B14D-AF1443ED715A}.Release|x64.ActiveCfg = Release|Any CPU
		{035558B6-8166-4A0F-B14D-AF1443ED715A}.Release|x64.Build.0 = Release|Any CPU
		{035558B6-8166-4A0F-B14D-AF1443ED715A}.Release|x86.ActiveCfg = Release|Any CPU
		{035558B6-8166-4A0F-B14D-AF1443ED715A}.Release|x86.Build.0 = Release|Any CPU
		{93C62874-BB4D-4423-9571-37F207901B1F}.Debug|Any CPU.ActiveCfg = Debug|Any CPU
		{93C62874-BB4D-4423-9571-37F207901B1F}.Debug|Any CPU.Build.0 = Debug|Any CPU
		{93C62874-BB4D-4423-9571-37F207901B1F}.Debug|x64.ActiveCfg = Debug|Any CPU
		{93C62874-BB4D-4423-9571-37F207901B1F}.Debug|x64.Build.0 = Debug|Any CPU
		{93C62874-BB4D-4423-9571-37F207901B1F}.Debug|x86.ActiveCfg = Debug|Any CPU
		{93C62874-BB4D-4423-9571-37F207901B1F}.Debug|x86.Build.0 = Debug|Any CPU
		{93C62874-BB4D-4423-9571-37F207901B1F}.Release|Any CPU.ActiveCfg = Release|Any CPU
		{93C62874-BB4D-4423-9571-37F207901B1F}.Release|Any CPU.Build.0 = Release|Any CPU
		{93C62874-BB4D-4423-9571-37F207901B1F}.Release|x64.ActiveCfg = Release|Any CPU
		{93C62874-BB4D-4423-9571-37F207901B1F}.Release|x64.Build.0 = Release|Any CPU
		{93C62874-BB4D-4423-9571-37F207901B1F}.Release|x86.ActiveCfg = Release|Any CPU
		{93C62874-BB4D-4423-9571-37F207901B1F}.Release|x86.Build.0 = Release|Any CPU
		{AF2538E8-577A-4634-BEB9-AFC33FB95359}.Debug|Any CPU.ActiveCfg = Debug|Any CPU
		{AF2538E8-577A-4634-BEB9-AFC33FB95359}.Debug|Any CPU.Build.0 = Debug|Any CPU
		{AF2538E8-577A-4634-BEB9-AFC33FB95359}.Debug|x64.ActiveCfg = Debug|Any CPU
		{AF2538E8-577A-4634-BEB9-AFC33FB95359}.Debug|x64.Build.0 = Debug|Any CPU
		{AF2538E8-577A-4634-BEB9-AFC33FB95359}.Debug|x86.ActiveCfg = Debug|Any CPU
		{AF2538E8-577A-4634-BEB9-AFC33FB95359}.Debug|x86.Build.0 = Debug|Any CPU
		{AF2538E8-577A-4634-BEB9-AFC33FB95359}.Release|Any CPU.ActiveCfg = Release|Any CPU
		{AF2538E8-577A-4634-BEB9-AFC33FB95359}.Release|Any CPU.Build.0 = Release|Any CPU
		{AF2538E8-577A-4634-BEB9-AFC33FB95359}.Release|x64.ActiveCfg = Release|Any CPU
		{AF2538E8-577A-4634-BEB9-AFC33FB95359}.Release|x64.Build.0 = Release|Any CPU
		{AF2538E8-577A-4634-BEB9-AFC33FB95359}.Release|x86.ActiveCfg = Release|Any CPU
		{AF2538E8-577A-4634-BEB9-AFC33FB95359}.Release|x86.Build.0 = Release|Any CPU
		{D72099B3-3109-401E-8491-BEAB4C9A6F31}.Debug|Any CPU.ActiveCfg = Debug|Any CPU
		{D72099B3-3109-401E-8491-BEAB4C9A6F31}.Debug|Any CPU.Build.0 = Debug|Any CPU
		{D72099B3-3109-401E-8491-BEAB4C9A6F31}.Debug|x64.ActiveCfg = Debug|Any CPU
		{D72099B3-3109-401E-8491-BEAB4C9A6F31}.Debug|x64.Build.0 = Debug|Any CPU
		{D72099B3-3109-401E-8491-BEAB4C9A6F31}.Debug|x86.ActiveCfg = Debug|Any CPU
		{D72099B3-3109-401E-8491-BEAB4C9A6F31}.Debug|x86.Build.0 = Debug|Any CPU
		{D72099B3-3109-401E-8491-BEAB4C9A6F31}.Release|Any CPU.ActiveCfg = Release|Any CPU
		{D72099B3-3109-401E-8491-BEAB4C9A6F31}.Release|Any CPU.Build.0 = Release|Any CPU
		{D72099B3-3109-401E-8491-BEAB4C9A6F31}.Release|x64.ActiveCfg = Release|Any CPU
		{D72099B3-3109-401E-8491-BEAB4C9A6F31}.Release|x64.Build.0 = Release|Any CPU
		{D72099B3-3109-401E-8491-BEAB4C9A6F31}.Release|x86.ActiveCfg = Release|Any CPU
		{D72099B3-3109-401E-8491-BEAB4C9A6F31}.Release|x86.Build.0 = Release|Any CPU
		{D92056BB-5A2E-4B92-AE87-B28459BBB3AB}.Debug|Any CPU.ActiveCfg = Debug|Any CPU
		{D92056BB-5A2E-4B92-AE87-B28459BBB3AB}.Debug|Any CPU.Build.0 = Debug|Any CPU
		{D92056BB-5A2E-4B92-AE87-B28459BBB3AB}.Debug|x64.ActiveCfg = Debug|Any CPU
		{D92056BB-5A2E-4B92-AE87-B28459BBB3AB}.Debug|x64.Build.0 = Debug|Any CPU
		{D92056BB-5A2E-4B92-AE87-B28459BBB3AB}.Debug|x86.ActiveCfg = Debug|Any CPU
		{D92056BB-5A2E-4B92-AE87-B28459BBB3AB}.Debug|x86.Build.0 = Debug|Any CPU
		{D92056BB-5A2E-4B92-AE87-B28459BBB3AB}.Release|Any CPU.ActiveCfg = Release|Any CPU
		{D92056BB-5A2E-4B92-AE87-B28459BBB3AB}.Release|Any CPU.Build.0 = Release|Any CPU
		{D92056BB-5A2E-4B92-AE87-B28459BBB3AB}.Release|x64.ActiveCfg = Release|Any CPU
		{D92056BB-5A2E-4B92-AE87-B28459BBB3AB}.Release|x64.Build.0 = Release|Any CPU
		{D92056BB-5A2E-4B92-AE87-B28459BBB3AB}.Release|x86.ActiveCfg = Release|Any CPU
		{D92056BB-5A2E-4B92-AE87-B28459BBB3AB}.Release|x86.Build.0 = Release|Any CPU
		{5E79C524-CEB8-4BF8-91F9-1F1B476AD94F}.Debug|Any CPU.ActiveCfg = Debug|Any CPU
		{5E79C524-CEB8-4BF8-91F9-1F1B476AD94F}.Debug|Any CPU.Build.0 = Debug|Any CPU
		{5E79C524-CEB8-4BF8-91F9-1F1B476AD94F}.Debug|x64.ActiveCfg = Debug|Any CPU
		{5E79C524-CEB8-4BF8-91F9-1F1B476AD94F}.Debug|x64.Build.0 = Debug|Any CPU
		{5E79C524-CEB8-4BF8-91F9-1F1B476AD94F}.Debug|x86.ActiveCfg = Debug|Any CPU
		{5E79C524-CEB8-4BF8-91F9-1F1B476AD94F}.Debug|x86.Build.0 = Debug|Any CPU
		{5E79C524-CEB8-4BF8-91F9-1F1B476AD94F}.Release|Any CPU.ActiveCfg = Release|Any CPU
		{5E79C524-CEB8-4BF8-91F9-1F1B476AD94F}.Release|Any CPU.Build.0 = Release|Any CPU
		{5E79C524-CEB8-4BF8-91F9-1F1B476AD94F}.Release|x64.ActiveCfg = Release|Any CPU
		{5E79C524-CEB8-4BF8-91F9-1F1B476AD94F}.Release|x64.Build.0 = Release|Any CPU
		{5E79C524-CEB8-4BF8-91F9-1F1B476AD94F}.Release|x86.ActiveCfg = Release|Any CPU
		{5E79C524-CEB8-4BF8-91F9-1F1B476AD94F}.Release|x86.Build.0 = Release|Any CPU
	EndGlobalSection
	GlobalSection(SolutionProperties) = preSolution
		HideSolutionNode = FALSE
	EndGlobalSection
	GlobalSection(NestedProjects) = preSolution
		{284C4AAA-2FED-4879-9027-2DC691FEE3A2} = {02EA681E-C7D8-13C7-8484-4AC65E1B71E8}
		{A29F72EA-F2CB-4A58-B8D1-E5437F5AEACF} = {02EA681E-C7D8-13C7-8484-4AC65E1B71E8}
		{A3E39B73-1B0C-4949-943F-4F37C1605CF7} = {02EA681E-C7D8-13C7-8484-4AC65E1B71E8}
		{9D796510-1398-4D07-94B0-80547DACABE6} = {02EA681E-C7D8-13C7-8484-4AC65E1B71E8}
		{E32A0874-820D-4C95-9597-6009F0E5F4D3} = {02EA681E-C7D8-13C7-8484-4AC65E1B71E8}
		{21C001DB-C554-4CED-9887-90D4000DE5D7} = {6AEF2B5E-4EE3-4397-9B02-A4CF9654C253}
		{09677DBA-E8BA-4220-847F-18CF7562E724} = {6AEF2B5E-4EE3-4397-9B02-A4CF9654C253}
		{F5725429-F09F-48E3-999A-4D3AEF07C31F} = {6AEF2B5E-4EE3-4397-9B02-A4CF9654C253}
		{79AFEF40-0C5D-4106-9E08-57AC6926DDBC} = {6AEF2B5E-4EE3-4397-9B02-A4CF9654C253}
		{E711A732-393E-40CE-84AA-5391D7FC7624} = {6AEF2B5E-4EE3-4397-9B02-A4CF9654C253}
		{600B6FE2-C081-4A2A-A2AF-2C9A65E5148F} = {6AEF2B5E-4EE3-4397-9B02-A4CF9654C253}
		{8F0F4499-CD21-40BC-B1AC-B0D84CC58DCE} = {035454C5-4D56-40D3-B63D-4738C020BA5F}
		{37409EB2-7748-4F32-9AE9-6252A59ACB88} = {035454C5-4D56-40D3-B63D-4738C020BA5F}
		{76D1871D-0791-432A-B62C-742522802843} = {035454C5-4D56-40D3-B63D-4738C020BA5F}
		{53C67307-8694-41D6-ACE2-99EFF4A16FF9} = {035454C5-4D56-40D3-B63D-4738C020BA5F}
		{BCB967F0-2CB3-423A-A2DD-AECCB84E02B5} = {035454C5-4D56-40D3-B63D-4738C020BA5F}
		{54E96304-51FE-4CA0-A61C-2C0181C8AD4B} = {035454C5-4D56-40D3-B63D-4738C020BA5F}
		{8B06A899-3AC5-44C7-A357-EF4C23B240C6} = {035454C5-4D56-40D3-B63D-4738C020BA5F}
		{11A35213-C236-4A73-936B-6F91CA41F639} = {611CFCB2-1E75-4638-A219-9179005EF225}
		{4FF4E550-4F1E-4C0E-8116-9795F251821E} = {611CFCB2-1E75-4638-A219-9179005EF225}
		{57A172F1-FD15-48DA-A58C-86F8463EE8E7} = {611CFCB2-1E75-4638-A219-9179005EF225}
		{FE2810D8-9B64-4B7E-9C46-1BAB2BD27E6C} = {611CFCB2-1E75-4638-A219-9179005EF225}
		{C8AEB9B7-AF3A-4178-9790-47972CDD77A5} = {611CFCB2-1E75-4638-A219-9179005EF225}
		{08DA1BF3-CD4B-464F-ABF8-994B54BB4D5B} = {611CFCB2-1E75-4638-A219-9179005EF225}
		{5E0CE1AD-857C-4894-8AAD-1347EC3E550D} = {611CFCB2-1E75-4638-A219-9179005EF225}
		{8FAC20EA-F489-4C5A-9CB9-8D352E24763D} = {611CFCB2-1E75-4638-A219-9179005EF225}
		{71BB76AB-CAF5-41C9-8FAD-8B7889CB644B} = {611CFCB2-1E75-4638-A219-9179005EF225}
		{A90FA198-5A89-4DED-8F9E-EE7F15DBAE70} = {611CFCB2-1E75-4638-A219-9179005EF225}
		{BE73CB9C-BB6E-4E10-BCA0-2733E0933FB6} = {BCEBE707-386E-4130-9FFC-3E68AD46293B}
		{7E1587E1-0BC2-4F4F-B461-F7DD5FFBD717} = {BCEBE707-386E-4130-9FFC-3E68AD46293B}
		{7658C426-3924-42C5-A129-9A735786B799} = {BCEBE707-386E-4130-9FFC-3E68AD46293B}
		{BBAACABF-D7F1-497E-9037-4FBEC1193696} = {BCEBE707-386E-4130-9FFC-3E68AD46293B}
		{C3903C60-5698-403A-82EE-35B09B798AD7} = {BCEBE707-386E-4130-9FFC-3E68AD46293B}
		{B5E6FFD0-E07A-4098-A446-32FDDBD154B6} = {3EB6AC3E-80D0-46B5-90E1-05A5C67E4C47}
		{8CE6198C-B1AF-471D-A1B6-0BA31E3401A6} = {3EB6AC3E-80D0-46B5-90E1-05A5C67E4C47}
		{00F12EED-43A4-4D91-B352-1AF84FBCDD09} = {3EB6AC3E-80D0-46B5-90E1-05A5C67E4C47}
		{B9EC5515-EA38-4D39-A1EC-28053AB92EEC} = {3EB6AC3E-80D0-46B5-90E1-05A5C67E4C47}
		{E28A8A7E-268A-4B12-8062-7423ECF49A56} = {95ED13CC-5962-4722-8A6E-AC1713B41A7D}
		{16F95C4A-518C-4313-BD39-B18116F2C0D9} = {95ED13CC-5962-4722-8A6E-AC1713B41A7D}
		{80D6C23E-5C1E-424C-B893-CB64642C44DB} = {BCEBE707-386E-4130-9FFC-3E68AD46293B}
		{400D5ED3-DF5C-4C08-837C-7513F2DE9AC9} = {B910C889-0620-4388-B031-ECEAB373D7D5}
		{F3F9DBF9-CB77-46DE-A411-E3C64DB70A15} = {B910C889-0620-4388-B031-ECEAB373D7D5}
		{FDAC420B-84F5-4CA5-A24C-C0531E4BD5F6} = {B910C889-0620-4388-B031-ECEAB373D7D5}
		{C5F932F0-4134-4EE7-A49F-5BE71053C6DB} = {B910C889-0620-4388-B031-ECEAB373D7D5}
		{F69F1562-9E84-4C82-BDFA-22AFFF9CD9D3} = {B910C889-0620-4388-B031-ECEAB373D7D5}
		{58B01D7A-3187-4905-BAA1-AC88F9765888} = {B910C889-0620-4388-B031-ECEAB373D7D5}
		{035558B6-8166-4A0F-B14D-AF1443ED715A} = {B910C889-0620-4388-B031-ECEAB373D7D5}
		{93C62874-BB4D-4423-9571-37F207901B1F} = {B910C889-0620-4388-B031-ECEAB373D7D5}
		{AF2538E8-577A-4634-BEB9-AFC33FB95359} = {B910C889-0620-4388-B031-ECEAB373D7D5}
		{D72099B3-3109-401E-8491-BEAB4C9A6F31} = {B910C889-0620-4388-B031-ECEAB373D7D5}
		{D92056BB-5A2E-4B92-AE87-B28459BBB3AB} = {B910C889-0620-4388-B031-ECEAB373D7D5}
		{5E79C524-CEB8-4BF8-91F9-1F1B476AD94F} = {B910C889-0620-4388-B031-ECEAB373D7D5}
	EndGlobalSection
	GlobalSection(ExtensibilityGlobals) = postSolution
		SolutionGuid = {891BF969-426D-4F06-B377-8EB0E9474517}
	EndGlobalSection
EndGlobal
